// !$*UTF8*$!
{
	archiveVersion = 1;
	classes = {
	};
	objectVersion = 46;
	objects = {

/* Begin PBXBuildFile section */
		2700990A1755DD2D000EA542 /* AFImageViewer.m in Sources */ = {isa = PBXBuildFile; fileRef = 270099091755DD2D000EA542 /* AFImageViewer.m */; };
		2700990D1755E9B2000EA542 /* delete.png in Resources */ = {isa = PBXBuildFile; fileRef = 2700990C1755E9B2000EA542 /* delete.png */; };
		270099111755ED49000EA542 /* CameraViewController.m in Sources */ = {isa = PBXBuildFile; fileRef = 270099101755ED49000EA542 /* CameraViewController.m */; };
		270099141755F6F0000EA542 /* ObservationImage.m in Sources */ = {isa = PBXBuildFile; fileRef = 270099131755F6F0000EA542 /* ObservationImage.m */; };
		270C58921757391900CA350F /* CustomObservationAnnotation.m in Sources */ = {isa = PBXBuildFile; fileRef = 270C58911757391900CA350F /* CustomObservationAnnotation.m */; };
		270C589517578BC000CA350F /* CustomObservationAnnotationView.m in Sources */ = {isa = PBXBuildFile; fileRef = 270C589417578BC000CA350F /* CustomObservationAnnotationView.m */; };
		2730A12715A31AF400F416D9 /* Security.framework in Frameworks */ = {isa = PBXBuildFile; fileRef = 2730A12615A31AF300F416D9 /* Security.framework */; };
		2730A12915A31AFC00F416D9 /* CoreFoundation.framework in Frameworks */ = {isa = PBXBuildFile; fileRef = 2730A12815A31AFC00F416D9 /* CoreFoundation.framework */; };
		276C9DF21754CE670035BFA8 /* Localizable.strings in Resources */ = {isa = PBXBuildFile; fileRef = 276C9DF01754CE670035BFA8 /* Localizable.strings */; };
		27746D07159B103900672970 /* Icon-72.png in Resources */ = {isa = PBXBuildFile; fileRef = 27746D02159B103900672970 /* Icon-72.png */; };
		27746D08159B103900672970 /* Icon-Small-50.png in Resources */ = {isa = PBXBuildFile; fileRef = 27746D03159B103900672970 /* Icon-Small-50.png */; };
		27746D09159B103900672970 /* Icon-Small.png in Resources */ = {isa = PBXBuildFile; fileRef = 27746D04159B103900672970 /* Icon-Small.png */; };
		27746D0A159B103900672970 /* Icon.png in Resources */ = {isa = PBXBuildFile; fileRef = 27746D05159B103900672970 /* Icon.png */; };
		27746D0B159B103900672970 /* iTunesArtwork in Resources */ = {isa = PBXBuildFile; fileRef = 27746D06159B103900672970 /* iTunesArtwork */; };
		27746D10159B1F9D00672970 /* Icon-Small@2x.png in Resources */ = {isa = PBXBuildFile; fileRef = 27746D0E159B1F9D00672970 /* Icon-Small@2x.png */; };
		27746D11159B1F9D00672970 /* Icon@2x.png in Resources */ = {isa = PBXBuildFile; fileRef = 27746D0F159B1F9D00672970 /* Icon@2x.png */; };
		27B84514159B223500818BCE /* Default@2x.png in Resources */ = {isa = PBXBuildFile; fileRef = 27B84513159B223500818BCE /* Default@2x.png */; };
		27B84516159B230C00818BCE /* Entitlements.plist in Resources */ = {isa = PBXBuildFile; fileRef = 27B84515159B230C00818BCE /* Entitlements.plist */; };
		27C3DBF31754ECF5008E1E58 /* hairelinecross.png in Resources */ = {isa = PBXBuildFile; fileRef = 27C3DBF11754ECF5008E1E58 /* hairelinecross.png */; };
		27C3DBF41754ECF5008E1E58 /* 193-locaction-arrow.png in Resources */ = {isa = PBXBuildFile; fileRef = 27C3DBF21754ECF5008E1E58 /* 193-locaction-arrow.png */; };
		27C5847C15AD7D770085F719 /* 15-warning.png in Resources */ = {isa = PBXBuildFile; fileRef = 27C5847B15AD7D770085F719 /* 15-warning.png */; };
		27F1A8801761E131004BC208 /* Default-568h@2x.png in Resources */ = {isa = PBXBuildFile; fileRef = 27F1A87F1761E131004BC208 /* Default-568h@2x.png */; };
		27F2D4851758D104002ABD22 /* InfoPlist.strings in Resources */ = {isa = PBXBuildFile; fileRef = CBB7F630142B040A000150AF /* InfoPlist.strings */; };
		27F2D4861758D10D002ABD22 /* Naturvielfalt-Info.plist in Resources */ = {isa = PBXBuildFile; fileRef = CBB7F62F142B040A000150AF /* Naturvielfalt-Info.plist */; };
		27FC05F014A4896800916B08 /* db.sqlite3 in Resources */ = {isa = PBXBuildFile; fileRef = 27FC05EF14A4896800916B08 /* db.sqlite3 */; };
		27FC05F314A48D0300916B08 /* MainWindow.xib in Resources */ = {isa = PBXBuildFile; fileRef = 27FC05F114A48D0300916B08 /* MainWindow.xib */; };
		CB08912B1430B67F00E846A1 /* NSObject+SBJson.m in Sources */ = {isa = PBXBuildFile; fileRef = CB0891131430B67F00E846A1 /* NSObject+SBJson.m */; settings = {COMPILER_FLAGS = "-fno-objc-arc"; }; };
		CB08912C1430B67F00E846A1 /* SBJsonParser.m in Sources */ = {isa = PBXBuildFile; fileRef = CB0891161430B67F00E846A1 /* SBJsonParser.m */; settings = {COMPILER_FLAGS = "-fno-objc-arc"; }; };
		CB08912D1430B67F00E846A1 /* SBJsonStreamParser.m in Sources */ = {isa = PBXBuildFile; fileRef = CB0891181430B67F00E846A1 /* SBJsonStreamParser.m */; settings = {COMPILER_FLAGS = "-fno-objc-arc"; }; };
		CB08912E1430B67F00E846A1 /* SBJsonStreamParserAccumulator.m in Sources */ = {isa = PBXBuildFile; fileRef = CB08911A1430B67F00E846A1 /* SBJsonStreamParserAccumulator.m */; settings = {COMPILER_FLAGS = "-fno-objc-arc"; }; };
		CB08912F1430B67F00E846A1 /* SBJsonStreamParserAdapter.m in Sources */ = {isa = PBXBuildFile; fileRef = CB08911C1430B67F00E846A1 /* SBJsonStreamParserAdapter.m */; settings = {COMPILER_FLAGS = "-fno-objc-arc"; }; };
		CB0891301430B67F00E846A1 /* SBJsonStreamParserState.m in Sources */ = {isa = PBXBuildFile; fileRef = CB08911E1430B67F00E846A1 /* SBJsonStreamParserState.m */; settings = {COMPILER_FLAGS = "-fno-objc-arc"; }; };
		CB0891311430B67F00E846A1 /* SBJsonStreamWriter.m in Sources */ = {isa = PBXBuildFile; fileRef = CB0891201430B67F00E846A1 /* SBJsonStreamWriter.m */; settings = {COMPILER_FLAGS = "-fno-objc-arc"; }; };
		CB0891321430B67F00E846A1 /* SBJsonStreamWriterAccumulator.m in Sources */ = {isa = PBXBuildFile; fileRef = CB0891221430B67F00E846A1 /* SBJsonStreamWriterAccumulator.m */; settings = {COMPILER_FLAGS = "-fno-objc-arc"; }; };
		CB0891331430B67F00E846A1 /* SBJsonStreamWriterState.m in Sources */ = {isa = PBXBuildFile; fileRef = CB0891241430B67F00E846A1 /* SBJsonStreamWriterState.m */; settings = {COMPILER_FLAGS = "-fno-objc-arc"; }; };
		CB0891341430B67F00E846A1 /* SBJsonTokeniser.m in Sources */ = {isa = PBXBuildFile; fileRef = CB0891261430B67F00E846A1 /* SBJsonTokeniser.m */; settings = {COMPILER_FLAGS = "-fno-objc-arc"; }; };
		CB0891351430B67F00E846A1 /* SBJsonUTF8Stream.m in Sources */ = {isa = PBXBuildFile; fileRef = CB0891281430B67F00E846A1 /* SBJsonUTF8Stream.m */; settings = {COMPILER_FLAGS = "-fno-objc-arc"; }; };
		CB0891361430B67F00E846A1 /* SBJsonWriter.m in Sources */ = {isa = PBXBuildFile; fileRef = CB08912A1430B67F00E846A1 /* SBJsonWriter.m */; settings = {COMPILER_FLAGS = "-fno-objc-arc"; }; };
		CB0891511431CDB800E846A1 /* OrganismGroup.m in Sources */ = {isa = PBXBuildFile; fileRef = CB0891501431CDB800E846A1 /* OrganismGroup.m */; };
		CB1432211484D84500BBA78D /* DDAnnotation.m in Sources */ = {isa = PBXBuildFile; fileRef = CB1432201484D84500BBA78D /* DDAnnotation.m */; settings = {COMPILER_FLAGS = "-fno-objc-arc"; }; };
		CB1432241484D86800BBA78D /* DDAnnotationView.m in Sources */ = {isa = PBXBuildFile; fileRef = CB1432231484D86800BBA78D /* DDAnnotationView.m */; settings = {COMPILER_FLAGS = "-fno-objc-arc"; }; };
		CB14322A148616E700BBA78D /* CameraViewController.xib in Resources */ = {isa = PBXBuildFile; fileRef = CB14322C148616E700BBA78D /* CameraViewController.xib */; };
		CB143231148639EC00BBA78D /* bildvorschaudeaktiviert.png in Resources */ = {isa = PBXBuildFile; fileRef = CB143230148639EC00BBA78D /* bildvorschaudeaktiviert.png */; };
		CB1432341486642200BBA78D /* SwissCoordinates.m in Sources */ = {isa = PBXBuildFile; fileRef = CB1432331486642200BBA78D /* SwissCoordinates.m */; };
		CB18F9E3145A966700772E9B /* CheckboxCell.m in Sources */ = {isa = PBXBuildFile; fileRef = CB18F9E1145A966700772E9B /* CheckboxCell.m */; };
		CB18F9E4145A966700772E9B /* CheckboxCell.xib in Resources */ = {isa = PBXBuildFile; fileRef = CB18F9E2145A966700772E9B /* CheckboxCell.xib */; };
		CB1D69011444463E003230B4 /* status-green.png in Resources */ = {isa = PBXBuildFile; fileRef = CB1D68FE1444463E003230B4 /* status-green.png */; };
		CB1D69021444463E003230B4 /* status-orange.png in Resources */ = {isa = PBXBuildFile; fileRef = CB1D68FF1444463E003230B4 /* status-orange.png */; };
		CB1D69031444463E003230B4 /* status-red.png in Resources */ = {isa = PBXBuildFile; fileRef = CB1D69001444463E003230B4 /* status-red.png */; };
		CB1D690814445E92003230B4 /* ObservationsOrganismSubmitController.m in Sources */ = {isa = PBXBuildFile; fileRef = CB1D690614445E92003230B4 /* ObservationsOrganismSubmitController.m */; };
		CB1D690914445E92003230B4 /* ObservationsOrganismSubmitController.xib in Resources */ = {isa = PBXBuildFile; fileRef = CB1D690714445E92003230B4 /* ObservationsOrganismSubmitController.xib */; };
		CB1EE5DA14893F3400FF286F /* Settings.m in Sources */ = {isa = PBXBuildFile; fileRef = CB1EE5D914893F3400FF286F /* Settings.m */; };
		CB26166314337B2200C30425 /* ObservationsRootController.m in Sources */ = {isa = PBXBuildFile; fileRef = CB26166114337B2200C30425 /* ObservationsRootController.m */; };
		CB26166414337B2200C30425 /* ObservationsRootController.xib in Resources */ = {isa = PBXBuildFile; fileRef = CB26166214337B2200C30425 /* ObservationsRootController.xib */; };
		CB472C38145E7E35003B5676 /* checkbox.gif in Resources */ = {isa = PBXBuildFile; fileRef = CB472C36145E7E35003B5676 /* checkbox.gif */; };
		CB472C3C145E87A7003B5676 /* papierkorb.png in Resources */ = {isa = PBXBuildFile; fileRef = CB472C3B145E87A7003B5676 /* papierkorb.png */; };
		CB5D4BD7146D77B00003377A /* checkbox_checked.png in Resources */ = {isa = PBXBuildFile; fileRef = CB5D4BD6146D77B00003377A /* checkbox_checked.png */; };
		CB7FA21114335033006BD29D /* Default.png in Resources */ = {isa = PBXBuildFile; fileRef = CB7FA21014335033006BD29D /* Default.png */; };
		CB7FA21914335154006BD29D /* ObservationsOrganismViewController.m in Sources */ = {isa = PBXBuildFile; fileRef = CB7FA21714335154006BD29D /* ObservationsOrganismViewController.m */; };
		CB7FA21A14335154006BD29D /* ObservationsOrganismViewController.xib in Resources */ = {isa = PBXBuildFile; fileRef = CB7FA21814335154006BD29D /* ObservationsOrganismViewController.xib */; };
		CB8095B61435A1DC003D3764 /* MapKit.framework in Frameworks */ = {isa = PBXBuildFile; fileRef = CB8095B51435A1DC003D3764 /* MapKit.framework */; };
		CB8095B91435A1F0003D3764 /* CoreLocation.framework in Frameworks */ = {isa = PBXBuildFile; fileRef = CB8095B81435A1F0003D3764 /* CoreLocation.framework */; };
		CB8095C814431B3B003D3764 /* LocationHelper.m in Sources */ = {isa = PBXBuildFile; fileRef = CB8095C714431B3B003D3764 /* LocationHelper.m */; };
		CBB070C5143053E800D3D0B5 /* 12-eye.png in Resources */ = {isa = PBXBuildFile; fileRef = CBB070C4143053E800D3D0B5 /* 12-eye.png */; };
		CBB070C71430542000D3D0B5 /* 19-gear.png in Resources */ = {isa = PBXBuildFile; fileRef = CBB070C61430542000D3D0B5 /* 19-gear.png */; };
		CBB070C91430542F00D3D0B5 /* 06-magnify.png in Resources */ = {isa = PBXBuildFile; fileRef = CBB070C81430542F00D3D0B5 /* 06-magnify.png */; };
		CBB070CB1430544600D3D0B5 /* 84-lightbulb.png in Resources */ = {isa = PBXBuildFile; fileRef = CBB070CA1430544600D3D0B5 /* 84-lightbulb.png */; };
		CBB7F628142B0409000150AF /* UIKit.framework in Frameworks */ = {isa = PBXBuildFile; fileRef = CBB7F627142B0409000150AF /* UIKit.framework */; };
		CBB7F62A142B0409000150AF /* Foundation.framework in Frameworks */ = {isa = PBXBuildFile; fileRef = CBB7F629142B0409000150AF /* Foundation.framework */; };
		CBB7F62C142B0409000150AF /* CoreGraphics.framework in Frameworks */ = {isa = PBXBuildFile; fileRef = CBB7F62B142B0409000150AF /* CoreGraphics.framework */; };
		CBB7F635142B040A000150AF /* main.m in Sources */ = {isa = PBXBuildFile; fileRef = CBB7F634142B040A000150AF /* main.m */; };
		CBB7F638142B040A000150AF /* NaturvielfaltAppDelegate.m in Sources */ = {isa = PBXBuildFile; fileRef = CBB7F637142B040A000150AF /* NaturvielfaltAppDelegate.m */; };
		CBD2C2E6146987B9003F1B90 /* MBProgressHUD.m in Sources */ = {isa = PBXBuildFile; fileRef = CBD2C2E5146987B9003F1B90 /* MBProgressHUD.m */; };
		CBD2C2EC146988B8003F1B90 /* 37x-Checkmark.png in Resources */ = {isa = PBXBuildFile; fileRef = CBD2C2EB146988B8003F1B90 /* 37x-Checkmark.png */; };
		CBD9563B144807AB00890319 /* navigationbar.png in Resources */ = {isa = PBXBuildFile; fileRef = CBD9563A144807AB00890319 /* navigationbar.png */; };
		CBDDB521144C6F81007E48AB /* ObservationsOrganismSubmitMapController.m in Sources */ = {isa = PBXBuildFile; fileRef = CBDDB51F144C6F81007E48AB /* ObservationsOrganismSubmitMapController.m */; };
		CBDDB522144C6F81007E48AB /* ObservationsOrganismSubmitMapController.xib in Resources */ = {isa = PBXBuildFile; fileRef = CBDDB520144C6F81007E48AB /* ObservationsOrganismSubmitMapController.xib */; };
		CBDDB532144D66C8007E48AB /* MobileCoreServices.framework in Frameworks */ = {isa = PBXBuildFile; fileRef = CBDDB531144D66C8007E48AB /* MobileCoreServices.framework */; };
		CBDDB534144D66F0007E48AB /* MediaPlayer.framework in Frameworks */ = {isa = PBXBuildFile; fileRef = CBDDB533144D66EF007E48AB /* MediaPlayer.framework */; };
		CBDDB539144D76BB007E48AB /* ObservationsOrganismSubmitAmountController.m in Sources */ = {isa = PBXBuildFile; fileRef = CBDDB537144D76BB007E48AB /* ObservationsOrganismSubmitAmountController.m */; };
		CBDDB53A144D76BB007E48AB /* ObservationsOrganismSubmitAmountController.xib in Resources */ = {isa = PBXBuildFile; fileRef = CBDDB538144D76BB007E48AB /* ObservationsOrganismSubmitAmountController.xib */; };
		CBDDB541144D9E96007E48AB /* Observation.m in Sources */ = {isa = PBXBuildFile; fileRef = CBDDB540144D9E96007E48AB /* Observation.m */; };
		CBDDB546144DA639007E48AB /* ObservationsOrganismSubmitCommentController.m in Sources */ = {isa = PBXBuildFile; fileRef = CBDDB544144DA637007E48AB /* ObservationsOrganismSubmitCommentController.m */; };
		CBDDB547144DA639007E48AB /* ObservationsOrganismSubmitCommentController.xib in Resources */ = {isa = PBXBuildFile; fileRef = CBDDB545144DA638007E48AB /* ObservationsOrganismSubmitCommentController.xib */; };
		CBDDB558145533BB007E48AB /* QuartzCore.framework in Frameworks */ = {isa = PBXBuildFile; fileRef = CBDDB557145533B7007E48AB /* QuartzCore.framework */; };
		CBDDB55F14555883007E48AB /* NSDictionary-MutableDeepCopy.m in Sources */ = {isa = PBXBuildFile; fileRef = CBDDB55E14555882007E48AB /* NSDictionary-MutableDeepCopy.m */; };
		CBDDB561145827C3007E48AB /* 40-inbox.png in Resources */ = {isa = PBXBuildFile; fileRef = CBDDB560145827C2007E48AB /* 40-inbox.png */; };
		CBDDB56314582879007E48AB /* 33-cabinet.png in Resources */ = {isa = PBXBuildFile; fileRef = CBDDB56214582879007E48AB /* 33-cabinet.png */; };
		CBDDB568145829EB007E48AB /* CollectionRootController.m in Sources */ = {isa = PBXBuildFile; fileRef = CBDDB566145829EB007E48AB /* CollectionRootController.m */; };
		CBDDB569145829EB007E48AB /* CollectionRootController.xib in Resources */ = {isa = PBXBuildFile; fileRef = CBDDB567145829EB007E48AB /* CollectionRootController.xib */; };
		CBDDB56D14582A53007E48AB /* CollectionOverviewController.m in Sources */ = {isa = PBXBuildFile; fileRef = CBDDB56B14582A53007E48AB /* CollectionOverviewController.m */; };
		CBDDB56E14582A53007E48AB /* CollectionOverviewController.xib in Resources */ = {isa = PBXBuildFile; fileRef = CBDDB56C14582A53007E48AB /* CollectionOverviewController.xib */; };
		CBDDB57914594803007E48AB /* PersistenceManager.m in Sources */ = {isa = PBXBuildFile; fileRef = CBDDB57814594801007E48AB /* PersistenceManager.m */; };
		CBDDB5871459814C007E48AB /* libsqlite3.0.dylib in Frameworks */ = {isa = PBXBuildFile; fileRef = CBDDB5861459814A007E48AB /* libsqlite3.0.dylib */; };
		CBDE3DEB1430625400BC1F46 /* ObservationsViewController.m in Sources */ = {isa = PBXBuildFile; fileRef = CBDE3DE91430625400BC1F46 /* ObservationsViewController.m */; };
		CBDE3DEC1430625400BC1F46 /* ObservationsViewController.xib in Resources */ = {isa = PBXBuildFile; fileRef = CBDE3DEA1430625400BC1F46 /* ObservationsViewController.xib */; };
		CBDE3DFA1430673900BC1F46 /* SettingsViewController.m in Sources */ = {isa = PBXBuildFile; fileRef = CBDE3DF81430673900BC1F46 /* SettingsViewController.m */; };
		CBDE3DFB1430673900BC1F46 /* SettingsViewController.xib in Resources */ = {isa = PBXBuildFile; fileRef = CBDE3DF91430673900BC1F46 /* SettingsViewController.xib */; };
		CBE340F31461988400985B12 /* check_icon.png in Resources */ = {isa = PBXBuildFile; fileRef = CBE340F21461988400985B12 /* check_icon.png */; };
		CBE340F51462D09300985B12 /* checkmark.png in Resources */ = {isa = PBXBuildFile; fileRef = CBE340F41462D09300985B12 /* checkmark.png */; };
		CBE89103144C487300E8B559 /* CustomCell.m in Sources */ = {isa = PBXBuildFile; fileRef = CBE89102144C487300E8B559 /* CustomCell.m */; };
		CBE89106144C488100E8B559 /* CustomCell.xib in Resources */ = {isa = PBXBuildFile; fileRef = CBE89105144C488100E8B559 /* CustomCell.xib */; };
		CBEBA94C14729A4B009AC6C0 /* InfoController.m in Sources */ = {isa = PBXBuildFile; fileRef = CBEBA94A14729A4B009AC6C0 /* InfoController.m */; };
		CBEBA94D14729A4B009AC6C0 /* InfoController.xib in Resources */ = {isa = PBXBuildFile; fileRef = CBEBA94B14729A4B009AC6C0 /* InfoController.xib */; };
		CBEBA9F7147636F0009AC6C0 /* CFNetwork.framework in Frameworks */ = {isa = PBXBuildFile; fileRef = CBEBA9F6147636F0009AC6C0 /* CFNetwork.framework */; };
		CBEBAA1414763AA5009AC6C0 /* ASIAuthenticationDialog.m in Sources */ = {isa = PBXBuildFile; fileRef = CBEBAA0114763AA5009AC6C0 /* ASIAuthenticationDialog.m */; settings = {COMPILER_FLAGS = "-fno-objc-arc"; }; };
		CBEBAA1514763AA5009AC6C0 /* ASIDataCompressor.m in Sources */ = {isa = PBXBuildFile; fileRef = CBEBAA0414763AA5009AC6C0 /* ASIDataCompressor.m */; settings = {COMPILER_FLAGS = "-fno-objc-arc"; }; };
		CBEBAA1614763AA5009AC6C0 /* ASIDataDecompressor.m in Sources */ = {isa = PBXBuildFile; fileRef = CBEBAA0614763AA5009AC6C0 /* ASIDataDecompressor.m */; settings = {COMPILER_FLAGS = "-fno-objc-arc"; }; };
		CBEBAA1714763AA5009AC6C0 /* ASIDownloadCache.m in Sources */ = {isa = PBXBuildFile; fileRef = CBEBAA0814763AA5009AC6C0 /* ASIDownloadCache.m */; settings = {COMPILER_FLAGS = "-fno-objc-arc"; }; };
		CBEBAA1814763AA5009AC6C0 /* ASIFormDataRequest.m in Sources */ = {isa = PBXBuildFile; fileRef = CBEBAA0A14763AA5009AC6C0 /* ASIFormDataRequest.m */; settings = {COMPILER_FLAGS = "-fno-objc-arc"; }; };
		CBEBAA1914763AA5009AC6C0 /* ASIHTTPRequest.m in Sources */ = {isa = PBXBuildFile; fileRef = CBEBAA0C14763AA5009AC6C0 /* ASIHTTPRequest.m */; settings = {COMPILER_FLAGS = "-fno-objc-arc"; }; };
		CBEBAA1A14763AA5009AC6C0 /* ASIInputStream.m in Sources */ = {isa = PBXBuildFile; fileRef = CBEBAA1014763AA5009AC6C0 /* ASIInputStream.m */; settings = {COMPILER_FLAGS = "-fno-objc-arc"; }; };
		CBEBAA1B14763AA5009AC6C0 /* ASINetworkQueue.m in Sources */ = {isa = PBXBuildFile; fileRef = CBEBAA1214763AA5009AC6C0 /* ASINetworkQueue.m */; settings = {COMPILER_FLAGS = "-fno-objc-arc"; }; };
		CBEBAA1E14763ACE009AC6C0 /* Reachability.m in Sources */ = {isa = PBXBuildFile; fileRef = CBEBAA1D14763ACE009AC6C0 /* Reachability.m */; settings = {COMPILER_FLAGS = "-fno-objc-arc"; }; };
		CBEBAA2014763B22009AC6C0 /* SystemConfiguration.framework in Frameworks */ = {isa = PBXBuildFile; fileRef = CBEBAA1F14763B22009AC6C0 /* SystemConfiguration.framework */; };
		CBEBAA2214763B36009AC6C0 /* libz.dylib in Frameworks */ = {isa = PBXBuildFile; fileRef = CBEBAA2114763B36009AC6C0 /* libz.dylib */; };
		CBEBAA25147BF503009AC6C0 /* wikipedia.png in Resources */ = {isa = PBXBuildFile; fileRef = CBEBAA24147BF503009AC6C0 /* wikipedia.png */; };
		CBEBAA29147BF752009AC6C0 /* ObservationsOrganismDetailViewWikipediaController.m in Sources */ = {isa = PBXBuildFile; fileRef = CBEBAA27147BF74F009AC6C0 /* ObservationsOrganismDetailViewWikipediaController.m */; };
		CBEBAA2A147BF752009AC6C0 /* ObservationsOrganismDetailViewWikipediaController.xib in Resources */ = {isa = PBXBuildFile; fileRef = CBEBAA28147BF750009AC6C0 /* ObservationsOrganismDetailViewWikipediaController.xib */; };
		CBEBAA2D147CDCA6009AC6C0 /* WikipediaHelper.m in Sources */ = {isa = PBXBuildFile; fileRef = CBEBAA2C147CDCA5009AC6C0 /* WikipediaHelper.m */; };
		CBEBAA2F147E44AD009AC6C0 /* keinbildvorhanden.png in Resources */ = {isa = PBXBuildFile; fileRef = CBEBAA2E147E44AC009AC6C0 /* keinbildvorhanden.png */; };
		CBEBAA3A147FE590009AC6C0 /* SettingsUsernameViewController.m in Sources */ = {isa = PBXBuildFile; fileRef = CBEBAA38147FE58F009AC6C0 /* SettingsUsernameViewController.m */; };
		CBEBAA3B147FE590009AC6C0 /* SettingsUsernameViewController.xib in Resources */ = {isa = PBXBuildFile; fileRef = CBEBAA39147FE58F009AC6C0 /* SettingsUsernameViewController.xib */; };
		CBEBAA3F147FE5A2009AC6C0 /* SettingsPasswordViewController.m in Sources */ = {isa = PBXBuildFile; fileRef = CBEBAA3D147FE5A1009AC6C0 /* SettingsPasswordViewController.m */; };
		CBEBAA40147FE5A2009AC6C0 /* SettingsPasswordViewController.xib in Resources */ = {isa = PBXBuildFile; fileRef = CBEBAA3E147FE5A1009AC6C0 /* SettingsPasswordViewController.xib */; };
		CBEBAA44147FE9F4009AC6C0 /* SettingsViewRootController.m in Sources */ = {isa = PBXBuildFile; fileRef = CBEBAA42147FE9F2009AC6C0 /* SettingsViewRootController.m */; };
		CBEBAA45147FE9F4009AC6C0 /* SettingsViewRootController.xib in Resources */ = {isa = PBXBuildFile; fileRef = CBEBAA43147FE9F3009AC6C0 /* SettingsViewRootController.xib */; };
		CBED70321434A31400BC17A8 /* Organism.m in Sources */ = {isa = PBXBuildFile; fileRef = CBED70311434A31400BC17A8 /* Organism.m */; };
		CBF9A27E144578F000954A63 /* 12-eye-white.png in Resources */ = {isa = PBXBuildFile; fileRef = CBF9A27D144578F000954A63 /* 12-eye-white.png */; };
		F619A26215766BE000F0C842 /* blank.png in Resources */ = {isa = PBXBuildFile; fileRef = F619A26115766BDE00F0C842 /* blank.png */; };
		F6640071157CAD770092A9D0 /* CustomOrganismCell.m in Sources */ = {isa = PBXBuildFile; fileRef = F6640070157CAD770092A9D0 /* CustomOrganismCell.m */; };
		F664007B157CB5740092A9D0 /* CustomOrganismCell.xib in Resources */ = {isa = PBXBuildFile; fileRef = F664007A157CB5740092A9D0 /* CustomOrganismCell.xib */; };
/* End PBXBuildFile section */

/* Begin PBXFileReference section */
		270099081755DD2D000EA542 /* AFImageViewer.h */ = {isa = PBXFileReference; fileEncoding = 4; lastKnownFileType = sourcecode.c.h; path = AFImageViewer.h; sourceTree = "<group>"; };
		270099091755DD2D000EA542 /* AFImageViewer.m */ = {isa = PBXFileReference; fileEncoding = 4; lastKnownFileType = sourcecode.c.objc; path = AFImageViewer.m; sourceTree = "<group>"; };
		2700990C1755E9B2000EA542 /* delete.png */ = {isa = PBXFileReference; lastKnownFileType = image.png; path = delete.png; sourceTree = "<group>"; };
		270099101755ED49000EA542 /* CameraViewController.m */ = {isa = PBXFileReference; fileEncoding = 4; lastKnownFileType = sourcecode.c.objc; path = CameraViewController.m; sourceTree = "<group>"; };
		270099121755F6F0000EA542 /* ObservationImage.h */ = {isa = PBXFileReference; fileEncoding = 4; lastKnownFileType = sourcecode.c.h; path = ObservationImage.h; sourceTree = "<group>"; };
		270099131755F6F0000EA542 /* ObservationImage.m */ = {isa = PBXFileReference; fileEncoding = 4; lastKnownFileType = sourcecode.c.objc; path = ObservationImage.m; sourceTree = "<group>"; };
		270C58901757391900CA350F /* CustomObservationAnnotation.h */ = {isa = PBXFileReference; fileEncoding = 4; lastKnownFileType = sourcecode.c.h; path = CustomObservationAnnotation.h; sourceTree = "<group>"; };
		270C58911757391900CA350F /* CustomObservationAnnotation.m */ = {isa = PBXFileReference; fileEncoding = 4; lastKnownFileType = sourcecode.c.objc; path = CustomObservationAnnotation.m; sourceTree = "<group>"; };
		270C589317578BC000CA350F /* CustomObservationAnnotationView.h */ = {isa = PBXFileReference; fileEncoding = 4; lastKnownFileType = sourcecode.c.h; path = CustomObservationAnnotationView.h; sourceTree = "<group>"; };
		270C589417578BC000CA350F /* CustomObservationAnnotationView.m */ = {isa = PBXFileReference; fileEncoding = 4; lastKnownFileType = sourcecode.c.objc; path = CustomObservationAnnotationView.m; sourceTree = "<group>"; };
		2730A12615A31AF300F416D9 /* Security.framework */ = {isa = PBXFileReference; lastKnownFileType = wrapper.framework; name = Security.framework; path = System/Library/Frameworks/Security.framework; sourceTree = SDKROOT; };
		2730A12815A31AFC00F416D9 /* CoreFoundation.framework */ = {isa = PBXFileReference; lastKnownFileType = wrapper.framework; name = CoreFoundation.framework; path = System/Library/Frameworks/CoreFoundation.framework; sourceTree = SDKROOT; };
		276C9DF11754CE670035BFA8 /* en */ = {isa = PBXFileReference; lastKnownFileType = text.plist.strings; name = en; path = en.lproj/Localizable.strings; sourceTree = "<group>"; };
		27746D02159B103900672970 /* Icon-72.png */ = {isa = PBXFileReference; lastKnownFileType = image.png; path = "Icon-72.png"; sourceTree = SOURCE_ROOT; };
		27746D03159B103900672970 /* Icon-Small-50.png */ = {isa = PBXFileReference; lastKnownFileType = image.png; path = "Icon-Small-50.png"; sourceTree = SOURCE_ROOT; };
		27746D04159B103900672970 /* Icon-Small.png */ = {isa = PBXFileReference; lastKnownFileType = image.png; path = "Icon-Small.png"; sourceTree = SOURCE_ROOT; };
		27746D05159B103900672970 /* Icon.png */ = {isa = PBXFileReference; lastKnownFileType = image.png; path = Icon.png; sourceTree = SOURCE_ROOT; };
		27746D06159B103900672970 /* iTunesArtwork */ = {isa = PBXFileReference; lastKnownFileType = file; path = iTunesArtwork; sourceTree = SOURCE_ROOT; };
		27746D0E159B1F9D00672970 /* Icon-Small@2x.png */ = {isa = PBXFileReference; lastKnownFileType = image.png; path = "Icon-Small@2x.png"; sourceTree = SOURCE_ROOT; };
		27746D0F159B1F9D00672970 /* Icon@2x.png */ = {isa = PBXFileReference; lastKnownFileType = image.png; path = "Icon@2x.png"; sourceTree = SOURCE_ROOT; };
		27B84513159B223500818BCE /* Default@2x.png */ = {isa = PBXFileReference; lastKnownFileType = image.png; name = "Default@2x.png"; path = "../Default@2x.png"; sourceTree = "<group>"; };
		27B84515159B230C00818BCE /* Entitlements.plist */ = {isa = PBXFileReference; fileEncoding = 4; lastKnownFileType = text.plist.xml; path = Entitlements.plist; sourceTree = "<group>"; };
		27C3DBEF1754CF49008E1E58 /* de */ = {isa = PBXFileReference; lastKnownFileType = text.plist.strings; name = de; path = de.lproj/Localizable.strings; sourceTree = "<group>"; };
		27C3DBF11754ECF5008E1E58 /* hairelinecross.png */ = {isa = PBXFileReference; lastKnownFileType = image.png; path = hairelinecross.png; sourceTree = "<group>"; };
		27C3DBF21754ECF5008E1E58 /* 193-locaction-arrow.png */ = {isa = PBXFileReference; lastKnownFileType = image.png; path = "193-locaction-arrow.png"; sourceTree = "<group>"; };
		27C5847B15AD7D770085F719 /* 15-warning.png */ = {isa = PBXFileReference; lastKnownFileType = image.png; path = "15-warning.png"; sourceTree = "<group>"; };
		27F1A87F1761E131004BC208 /* Default-568h@2x.png */ = {isa = PBXFileReference; lastKnownFileType = image.png; name = "Default-568h@2x.png"; path = "../Default-568h@2x.png"; sourceTree = "<group>"; };
		27FC05EF14A4896800916B08 /* db.sqlite3 */ = {isa = PBXFileReference; lastKnownFileType = file; path = db.sqlite3; sourceTree = "<group>"; };
		CB0891111430B67F00E846A1 /* JSON.h */ = {isa = PBXFileReference; fileEncoding = 4; lastKnownFileType = sourcecode.c.h; path = JSON.h; sourceTree = "<group>"; };
		CB0891121430B67F00E846A1 /* NSObject+SBJson.h */ = {isa = PBXFileReference; fileEncoding = 4; lastKnownFileType = sourcecode.c.h; path = "NSObject+SBJson.h"; sourceTree = "<group>"; };
		CB0891131430B67F00E846A1 /* NSObject+SBJson.m */ = {isa = PBXFileReference; fileEncoding = 4; lastKnownFileType = sourcecode.c.objc; path = "NSObject+SBJson.m"; sourceTree = "<group>"; };
		CB0891141430B67F00E846A1 /* SBJson.h */ = {isa = PBXFileReference; fileEncoding = 4; lastKnownFileType = sourcecode.c.h; path = SBJson.h; sourceTree = "<group>"; };
		CB0891151430B67F00E846A1 /* SBJsonParser.h */ = {isa = PBXFileReference; fileEncoding = 4; lastKnownFileType = sourcecode.c.h; path = SBJsonParser.h; sourceTree = "<group>"; };
		CB0891161430B67F00E846A1 /* SBJsonParser.m */ = {isa = PBXFileReference; fileEncoding = 4; lastKnownFileType = sourcecode.c.objc; path = SBJsonParser.m; sourceTree = "<group>"; };
		CB0891171430B67F00E846A1 /* SBJsonStreamParser.h */ = {isa = PBXFileReference; fileEncoding = 4; lastKnownFileType = sourcecode.c.h; path = SBJsonStreamParser.h; sourceTree = "<group>"; };
		CB0891181430B67F00E846A1 /* SBJsonStreamParser.m */ = {isa = PBXFileReference; fileEncoding = 4; lastKnownFileType = sourcecode.c.objc; path = SBJsonStreamParser.m; sourceTree = "<group>"; };
		CB0891191430B67F00E846A1 /* SBJsonStreamParserAccumulator.h */ = {isa = PBXFileReference; fileEncoding = 4; lastKnownFileType = sourcecode.c.h; path = SBJsonStreamParserAccumulator.h; sourceTree = "<group>"; };
		CB08911A1430B67F00E846A1 /* SBJsonStreamParserAccumulator.m */ = {isa = PBXFileReference; fileEncoding = 4; lastKnownFileType = sourcecode.c.objc; path = SBJsonStreamParserAccumulator.m; sourceTree = "<group>"; };
		CB08911B1430B67F00E846A1 /* SBJsonStreamParserAdapter.h */ = {isa = PBXFileReference; fileEncoding = 4; lastKnownFileType = sourcecode.c.h; path = SBJsonStreamParserAdapter.h; sourceTree = "<group>"; };
		CB08911C1430B67F00E846A1 /* SBJsonStreamParserAdapter.m */ = {isa = PBXFileReference; fileEncoding = 4; lastKnownFileType = sourcecode.c.objc; path = SBJsonStreamParserAdapter.m; sourceTree = "<group>"; };
		CB08911D1430B67F00E846A1 /* SBJsonStreamParserState.h */ = {isa = PBXFileReference; fileEncoding = 4; lastKnownFileType = sourcecode.c.h; path = SBJsonStreamParserState.h; sourceTree = "<group>"; };
		CB08911E1430B67F00E846A1 /* SBJsonStreamParserState.m */ = {isa = PBXFileReference; fileEncoding = 4; lastKnownFileType = sourcecode.c.objc; path = SBJsonStreamParserState.m; sourceTree = "<group>"; };
		CB08911F1430B67F00E846A1 /* SBJsonStreamWriter.h */ = {isa = PBXFileReference; fileEncoding = 4; lastKnownFileType = sourcecode.c.h; path = SBJsonStreamWriter.h; sourceTree = "<group>"; };
		CB0891201430B67F00E846A1 /* SBJsonStreamWriter.m */ = {isa = PBXFileReference; fileEncoding = 4; lastKnownFileType = sourcecode.c.objc; path = SBJsonStreamWriter.m; sourceTree = "<group>"; };
		CB0891211430B67F00E846A1 /* SBJsonStreamWriterAccumulator.h */ = {isa = PBXFileReference; fileEncoding = 4; lastKnownFileType = sourcecode.c.h; path = SBJsonStreamWriterAccumulator.h; sourceTree = "<group>"; };
		CB0891221430B67F00E846A1 /* SBJsonStreamWriterAccumulator.m */ = {isa = PBXFileReference; fileEncoding = 4; lastKnownFileType = sourcecode.c.objc; path = SBJsonStreamWriterAccumulator.m; sourceTree = "<group>"; };
		CB0891231430B67F00E846A1 /* SBJsonStreamWriterState.h */ = {isa = PBXFileReference; fileEncoding = 4; lastKnownFileType = sourcecode.c.h; path = SBJsonStreamWriterState.h; sourceTree = "<group>"; };
		CB0891241430B67F00E846A1 /* SBJsonStreamWriterState.m */ = {isa = PBXFileReference; fileEncoding = 4; lastKnownFileType = sourcecode.c.objc; path = SBJsonStreamWriterState.m; sourceTree = "<group>"; };
		CB0891251430B67F00E846A1 /* SBJsonTokeniser.h */ = {isa = PBXFileReference; fileEncoding = 4; lastKnownFileType = sourcecode.c.h; path = SBJsonTokeniser.h; sourceTree = "<group>"; };
		CB0891261430B67F00E846A1 /* SBJsonTokeniser.m */ = {isa = PBXFileReference; fileEncoding = 4; lastKnownFileType = sourcecode.c.objc; path = SBJsonTokeniser.m; sourceTree = "<group>"; };
		CB0891271430B67F00E846A1 /* SBJsonUTF8Stream.h */ = {isa = PBXFileReference; fileEncoding = 4; lastKnownFileType = sourcecode.c.h; path = SBJsonUTF8Stream.h; sourceTree = "<group>"; };
		CB0891281430B67F00E846A1 /* SBJsonUTF8Stream.m */ = {isa = PBXFileReference; fileEncoding = 4; lastKnownFileType = sourcecode.c.objc; path = SBJsonUTF8Stream.m; sourceTree = "<group>"; };
		CB0891291430B67F00E846A1 /* SBJsonWriter.h */ = {isa = PBXFileReference; fileEncoding = 4; lastKnownFileType = sourcecode.c.h; path = SBJsonWriter.h; sourceTree = "<group>"; };
		CB08912A1430B67F00E846A1 /* SBJsonWriter.m */ = {isa = PBXFileReference; fileEncoding = 4; lastKnownFileType = sourcecode.c.objc; path = SBJsonWriter.m; sourceTree = "<group>"; };
		CB08914F1431CDB800E846A1 /* OrganismGroup.h */ = {isa = PBXFileReference; fileEncoding = 4; lastKnownFileType = sourcecode.c.h; path = OrganismGroup.h; sourceTree = "<group>"; };
		CB0891501431CDB800E846A1 /* OrganismGroup.m */ = {isa = PBXFileReference; fileEncoding = 4; lastKnownFileType = sourcecode.c.objc; path = OrganismGroup.m; sourceTree = "<group>"; };
		CB14321F1484D84500BBA78D /* DDAnnotation.h */ = {isa = PBXFileReference; fileEncoding = 4; lastKnownFileType = sourcecode.c.h; path = DDAnnotation.h; sourceTree = "<group>"; };
		CB1432201484D84500BBA78D /* DDAnnotation.m */ = {isa = PBXFileReference; fileEncoding = 4; lastKnownFileType = sourcecode.c.objc; path = DDAnnotation.m; sourceTree = "<group>"; };
		CB1432221484D86800BBA78D /* DDAnnotationView.h */ = {isa = PBXFileReference; fileEncoding = 4; lastKnownFileType = sourcecode.c.h; path = DDAnnotationView.h; sourceTree = "<group>"; };
		CB1432231484D86800BBA78D /* DDAnnotationView.m */ = {isa = PBXFileReference; fileEncoding = 4; lastKnownFileType = sourcecode.c.objc; path = DDAnnotationView.m; sourceTree = "<group>"; };
		CB143230148639EC00BBA78D /* bildvorschaudeaktiviert.png */ = {isa = PBXFileReference; lastKnownFileType = image.png; path = bildvorschaudeaktiviert.png; sourceTree = "<group>"; };
		CB1432321486642200BBA78D /* SwissCoordinates.h */ = {isa = PBXFileReference; fileEncoding = 4; lastKnownFileType = sourcecode.c.h; path = SwissCoordinates.h; sourceTree = "<group>"; };
		CB1432331486642200BBA78D /* SwissCoordinates.m */ = {isa = PBXFileReference; fileEncoding = 4; lastKnownFileType = sourcecode.c.objc; path = SwissCoordinates.m; sourceTree = "<group>"; };
		CB18F9E0145A966700772E9B /* CheckboxCell.h */ = {isa = PBXFileReference; fileEncoding = 4; lastKnownFileType = sourcecode.c.h; path = CheckboxCell.h; sourceTree = "<group>"; };
		CB18F9E1145A966700772E9B /* CheckboxCell.m */ = {isa = PBXFileReference; fileEncoding = 4; lastKnownFileType = sourcecode.c.objc; path = CheckboxCell.m; sourceTree = "<group>"; };
		CB18F9E2145A966700772E9B /* CheckboxCell.xib */ = {isa = PBXFileReference; fileEncoding = 4; lastKnownFileType = file.xib; path = CheckboxCell.xib; sourceTree = "<group>"; };
		CB1D68FE1444463E003230B4 /* status-green.png */ = {isa = PBXFileReference; lastKnownFileType = image.png; path = "status-green.png"; sourceTree = "<group>"; };
		CB1D68FF1444463E003230B4 /* status-orange.png */ = {isa = PBXFileReference; lastKnownFileType = image.png; path = "status-orange.png"; sourceTree = "<group>"; };
		CB1D69001444463E003230B4 /* status-red.png */ = {isa = PBXFileReference; lastKnownFileType = image.png; path = "status-red.png"; sourceTree = "<group>"; };
		CB1D690514445E92003230B4 /* ObservationsOrganismSubmitController.h */ = {isa = PBXFileReference; fileEncoding = 4; lastKnownFileType = sourcecode.c.h; path = ObservationsOrganismSubmitController.h; sourceTree = "<group>"; };
		CB1D690614445E92003230B4 /* ObservationsOrganismSubmitController.m */ = {isa = PBXFileReference; fileEncoding = 4; lastKnownFileType = sourcecode.c.objc; path = ObservationsOrganismSubmitController.m; sourceTree = "<group>"; };
		CB1D690714445E92003230B4 /* ObservationsOrganismSubmitController.xib */ = {isa = PBXFileReference; fileEncoding = 4; lastKnownFileType = file.xib; path = ObservationsOrganismSubmitController.xib; sourceTree = "<group>"; };
		CB1EE5D814893F3400FF286F /* Settings.h */ = {isa = PBXFileReference; fileEncoding = 4; lastKnownFileType = sourcecode.c.h; path = Settings.h; sourceTree = "<group>"; };
		CB1EE5D914893F3400FF286F /* Settings.m */ = {isa = PBXFileReference; fileEncoding = 4; lastKnownFileType = sourcecode.c.objc; path = Settings.m; sourceTree = "<group>"; };
		CB26166014337B2200C30425 /* ObservationsRootController.h */ = {isa = PBXFileReference; fileEncoding = 4; lastKnownFileType = sourcecode.c.h; path = ObservationsRootController.h; sourceTree = "<group>"; };
		CB26166114337B2200C30425 /* ObservationsRootController.m */ = {isa = PBXFileReference; fileEncoding = 4; lastKnownFileType = sourcecode.c.objc; path = ObservationsRootController.m; sourceTree = "<group>"; };
		CB26166214337B2200C30425 /* ObservationsRootController.xib */ = {isa = PBXFileReference; fileEncoding = 4; lastKnownFileType = file.xib; path = ObservationsRootController.xib; sourceTree = "<group>"; };
		CB472C36145E7E35003B5676 /* checkbox.gif */ = {isa = PBXFileReference; lastKnownFileType = image.gif; path = checkbox.gif; sourceTree = "<group>"; };
		CB472C3B145E87A7003B5676 /* papierkorb.png */ = {isa = PBXFileReference; lastKnownFileType = image.png; path = papierkorb.png; sourceTree = "<group>"; };
		CB5D4BD6146D77B00003377A /* checkbox_checked.png */ = {isa = PBXFileReference; lastKnownFileType = image.png; path = checkbox_checked.png; sourceTree = "<group>"; };
		CB7FA21014335033006BD29D /* Default.png */ = {isa = PBXFileReference; lastKnownFileType = image.png; name = Default.png; path = ../Default.png; sourceTree = "<group>"; };
		CB7FA21614335154006BD29D /* ObservationsOrganismViewController.h */ = {isa = PBXFileReference; fileEncoding = 4; lastKnownFileType = sourcecode.c.h; path = ObservationsOrganismViewController.h; sourceTree = "<group>"; };
		CB7FA21714335154006BD29D /* ObservationsOrganismViewController.m */ = {isa = PBXFileReference; fileEncoding = 4; lastKnownFileType = sourcecode.c.objc; path = ObservationsOrganismViewController.m; sourceTree = "<group>"; };
		CB7FA21814335154006BD29D /* ObservationsOrganismViewController.xib */ = {isa = PBXFileReference; fileEncoding = 4; lastKnownFileType = file.xib; path = ObservationsOrganismViewController.xib; sourceTree = "<group>"; };
		CB8095B51435A1DC003D3764 /* MapKit.framework */ = {isa = PBXFileReference; lastKnownFileType = wrapper.framework; name = MapKit.framework; path = System/Library/Frameworks/MapKit.framework; sourceTree = SDKROOT; };
		CB8095B81435A1F0003D3764 /* CoreLocation.framework */ = {isa = PBXFileReference; lastKnownFileType = wrapper.framework; name = CoreLocation.framework; path = System/Library/Frameworks/CoreLocation.framework; sourceTree = SDKROOT; };
		CB8095C614431B3B003D3764 /* LocationHelper.h */ = {isa = PBXFileReference; fileEncoding = 4; lastKnownFileType = sourcecode.c.h; path = LocationHelper.h; sourceTree = "<group>"; };
		CB8095C714431B3B003D3764 /* LocationHelper.m */ = {isa = PBXFileReference; fileEncoding = 4; lastKnownFileType = sourcecode.c.objc; path = LocationHelper.m; sourceTree = "<group>"; };
		CBB070C4143053E800D3D0B5 /* 12-eye.png */ = {isa = PBXFileReference; lastKnownFileType = image.png; path = "12-eye.png"; sourceTree = "<group>"; };
		CBB070C61430542000D3D0B5 /* 19-gear.png */ = {isa = PBXFileReference; lastKnownFileType = image.png; path = "19-gear.png"; sourceTree = "<group>"; };
		CBB070C81430542F00D3D0B5 /* 06-magnify.png */ = {isa = PBXFileReference; lastKnownFileType = image.png; path = "06-magnify.png"; sourceTree = "<group>"; };
		CBB070CA1430544600D3D0B5 /* 84-lightbulb.png */ = {isa = PBXFileReference; lastKnownFileType = image.png; path = "84-lightbulb.png"; sourceTree = "<group>"; };
		CBB7F623142B0409000150AF /* NaturvielfaltLite.app */ = {isa = PBXFileReference; explicitFileType = wrapper.application; includeInIndex = 0; path = NaturvielfaltLite.app; sourceTree = BUILT_PRODUCTS_DIR; };
		CBB7F627142B0409000150AF /* UIKit.framework */ = {isa = PBXFileReference; lastKnownFileType = wrapper.framework; name = UIKit.framework; path = System/Library/Frameworks/UIKit.framework; sourceTree = SDKROOT; };
		CBB7F629142B0409000150AF /* Foundation.framework */ = {isa = PBXFileReference; lastKnownFileType = wrapper.framework; name = Foundation.framework; path = System/Library/Frameworks/Foundation.framework; sourceTree = SDKROOT; };
		CBB7F62B142B0409000150AF /* CoreGraphics.framework */ = {isa = PBXFileReference; lastKnownFileType = wrapper.framework; name = CoreGraphics.framework; path = System/Library/Frameworks/CoreGraphics.framework; sourceTree = SDKROOT; };
		CBB7F62F142B040A000150AF /* Naturvielfalt-Info.plist */ = {isa = PBXFileReference; fileEncoding = 4; lastKnownFileType = text.plist.xml; path = "Naturvielfalt-Info.plist"; sourceTree = "<group>"; };
		CBB7F633142B040A000150AF /* Naturvielfalt-Prefix.pch */ = {isa = PBXFileReference; lastKnownFileType = sourcecode.c.h; path = "Naturvielfalt-Prefix.pch"; sourceTree = "<group>"; };
		CBB7F634142B040A000150AF /* main.m */ = {isa = PBXFileReference; lastKnownFileType = sourcecode.c.objc; path = main.m; sourceTree = "<group>"; };
		CBB7F636142B040A000150AF /* NaturvielfaltAppDelegate.h */ = {isa = PBXFileReference; lastKnownFileType = sourcecode.c.h; path = NaturvielfaltAppDelegate.h; sourceTree = "<group>"; };
		CBB7F637142B040A000150AF /* NaturvielfaltAppDelegate.m */ = {isa = PBXFileReference; lastKnownFileType = sourcecode.c.objc; path = NaturvielfaltAppDelegate.m; sourceTree = "<group>"; };
		CBD2C2E4146987B9003F1B90 /* MBProgressHUD.h */ = {isa = PBXFileReference; fileEncoding = 4; lastKnownFileType = sourcecode.c.h; path = MBProgressHUD.h; sourceTree = "<group>"; };
		CBD2C2E5146987B9003F1B90 /* MBProgressHUD.m */ = {isa = PBXFileReference; fileEncoding = 4; lastKnownFileType = sourcecode.c.objc; path = MBProgressHUD.m; sourceTree = "<group>"; };
		CBD2C2EB146988B8003F1B90 /* 37x-Checkmark.png */ = {isa = PBXFileReference; lastKnownFileType = image.png; path = "37x-Checkmark.png"; sourceTree = "<group>"; };
		CBD9563A144807AB00890319 /* navigationbar.png */ = {isa = PBXFileReference; lastKnownFileType = image.png; path = navigationbar.png; sourceTree = "<group>"; };
		CBDDB51E144C6F81007E48AB /* ObservationsOrganismSubmitMapController.h */ = {isa = PBXFileReference; fileEncoding = 4; lastKnownFileType = sourcecode.c.h; path = ObservationsOrganismSubmitMapController.h; sourceTree = "<group>"; };
		CBDDB51F144C6F81007E48AB /* ObservationsOrganismSubmitMapController.m */ = {isa = PBXFileReference; fileEncoding = 4; lastKnownFileType = sourcecode.c.objc; path = ObservationsOrganismSubmitMapController.m; sourceTree = "<group>"; };
		CBDDB520144C6F81007E48AB /* ObservationsOrganismSubmitMapController.xib */ = {isa = PBXFileReference; fileEncoding = 4; lastKnownFileType = file.xib; path = ObservationsOrganismSubmitMapController.xib; sourceTree = "<group>"; };
		CBDDB531144D66C8007E48AB /* MobileCoreServices.framework */ = {isa = PBXFileReference; lastKnownFileType = wrapper.framework; name = MobileCoreServices.framework; path = System/Library/Frameworks/MobileCoreServices.framework; sourceTree = SDKROOT; };
		CBDDB533144D66EF007E48AB /* MediaPlayer.framework */ = {isa = PBXFileReference; lastKnownFileType = wrapper.framework; name = MediaPlayer.framework; path = System/Library/Frameworks/MediaPlayer.framework; sourceTree = SDKROOT; };
		CBDDB536144D76BB007E48AB /* ObservationsOrganismSubmitAmountController.h */ = {isa = PBXFileReference; fileEncoding = 4; lastKnownFileType = sourcecode.c.h; path = ObservationsOrganismSubmitAmountController.h; sourceTree = "<group>"; };
		CBDDB537144D76BB007E48AB /* ObservationsOrganismSubmitAmountController.m */ = {isa = PBXFileReference; fileEncoding = 4; lastKnownFileType = sourcecode.c.objc; path = ObservationsOrganismSubmitAmountController.m; sourceTree = "<group>"; };
		CBDDB538144D76BB007E48AB /* ObservationsOrganismSubmitAmountController.xib */ = {isa = PBXFileReference; fileEncoding = 4; lastKnownFileType = file.xib; path = ObservationsOrganismSubmitAmountController.xib; sourceTree = "<group>"; };
		CBDDB53F144D9E96007E48AB /* Observation.h */ = {isa = PBXFileReference; fileEncoding = 4; lastKnownFileType = sourcecode.c.h; path = Observation.h; sourceTree = "<group>"; };
		CBDDB540144D9E96007E48AB /* Observation.m */ = {isa = PBXFileReference; fileEncoding = 4; lastKnownFileType = sourcecode.c.objc; path = Observation.m; sourceTree = "<group>"; };
		CBDDB543144DA636007E48AB /* ObservationsOrganismSubmitCommentController.h */ = {isa = PBXFileReference; fileEncoding = 4; lastKnownFileType = sourcecode.c.h; path = ObservationsOrganismSubmitCommentController.h; sourceTree = "<group>"; };
		CBDDB544144DA637007E48AB /* ObservationsOrganismSubmitCommentController.m */ = {isa = PBXFileReference; fileEncoding = 4; lastKnownFileType = sourcecode.c.objc; path = ObservationsOrganismSubmitCommentController.m; sourceTree = "<group>"; };
		CBDDB545144DA638007E48AB /* ObservationsOrganismSubmitCommentController.xib */ = {isa = PBXFileReference; fileEncoding = 4; lastKnownFileType = file.xib; path = ObservationsOrganismSubmitCommentController.xib; sourceTree = "<group>"; };
		CBDDB54C144EABC8007E48AB /* CameraViewController.h */ = {isa = PBXFileReference; fileEncoding = 4; lastKnownFileType = sourcecode.c.h; path = CameraViewController.h; sourceTree = "<group>"; };
		CBDDB557145533B7007E48AB /* QuartzCore.framework */ = {isa = PBXFileReference; lastKnownFileType = wrapper.framework; name = QuartzCore.framework; path = System/Library/Frameworks/QuartzCore.framework; sourceTree = SDKROOT; };
		CBDDB55D14555882007E48AB /* NSDictionary-MutableDeepCopy.h */ = {isa = PBXFileReference; fileEncoding = 4; lastKnownFileType = sourcecode.c.h; path = "NSDictionary-MutableDeepCopy.h"; sourceTree = "<group>"; };
		CBDDB55E14555882007E48AB /* NSDictionary-MutableDeepCopy.m */ = {isa = PBXFileReference; fileEncoding = 4; lastKnownFileType = sourcecode.c.objc; path = "NSDictionary-MutableDeepCopy.m"; sourceTree = "<group>"; };
		CBDDB560145827C2007E48AB /* 40-inbox.png */ = {isa = PBXFileReference; lastKnownFileType = image.png; path = "40-inbox.png"; sourceTree = "<group>"; };
		CBDDB56214582879007E48AB /* 33-cabinet.png */ = {isa = PBXFileReference; lastKnownFileType = image.png; path = "33-cabinet.png"; sourceTree = "<group>"; };
		CBDDB565145829EB007E48AB /* CollectionRootController.h */ = {isa = PBXFileReference; fileEncoding = 4; lastKnownFileType = sourcecode.c.h; path = CollectionRootController.h; sourceTree = "<group>"; };
		CBDDB566145829EB007E48AB /* CollectionRootController.m */ = {isa = PBXFileReference; fileEncoding = 4; lastKnownFileType = sourcecode.c.objc; path = CollectionRootController.m; sourceTree = "<group>"; };
		CBDDB567145829EB007E48AB /* CollectionRootController.xib */ = {isa = PBXFileReference; fileEncoding = 4; lastKnownFileType = file.xib; path = CollectionRootController.xib; sourceTree = "<group>"; };
		CBDDB56A14582A53007E48AB /* CollectionOverviewController.h */ = {isa = PBXFileReference; fileEncoding = 4; lastKnownFileType = sourcecode.c.h; path = CollectionOverviewController.h; sourceTree = "<group>"; };
		CBDDB56B14582A53007E48AB /* CollectionOverviewController.m */ = {isa = PBXFileReference; fileEncoding = 4; lastKnownFileType = sourcecode.c.objc; path = CollectionOverviewController.m; sourceTree = "<group>"; };
		CBDDB56C14582A53007E48AB /* CollectionOverviewController.xib */ = {isa = PBXFileReference; fileEncoding = 4; lastKnownFileType = file.xib; path = CollectionOverviewController.xib; sourceTree = "<group>"; };
		CBDDB57714594800007E48AB /* PersistenceManager.h */ = {isa = PBXFileReference; fileEncoding = 4; lastKnownFileType = sourcecode.c.h; path = PersistenceManager.h; sourceTree = "<group>"; };
		CBDDB57814594801007E48AB /* PersistenceManager.m */ = {isa = PBXFileReference; fileEncoding = 4; lastKnownFileType = sourcecode.c.objc; path = PersistenceManager.m; sourceTree = "<group>"; };
		CBDDB5861459814A007E48AB /* libsqlite3.0.dylib */ = {isa = PBXFileReference; lastKnownFileType = "compiled.mach-o.dylib"; name = libsqlite3.0.dylib; path = usr/lib/libsqlite3.0.dylib; sourceTree = SDKROOT; };
		CBDE3DE81430625400BC1F46 /* ObservationsViewController.h */ = {isa = PBXFileReference; fileEncoding = 4; lastKnownFileType = sourcecode.c.h; path = ObservationsViewController.h; sourceTree = "<group>"; };
		CBDE3DE91430625400BC1F46 /* ObservationsViewController.m */ = {isa = PBXFileReference; fileEncoding = 4; lastKnownFileType = sourcecode.c.objc; path = ObservationsViewController.m; sourceTree = "<group>"; };
		CBDE3DEA1430625400BC1F46 /* ObservationsViewController.xib */ = {isa = PBXFileReference; fileEncoding = 4; lastKnownFileType = file.xib; path = ObservationsViewController.xib; sourceTree = "<group>"; };
		CBDE3DF71430673900BC1F46 /* SettingsViewController.h */ = {isa = PBXFileReference; fileEncoding = 4; lastKnownFileType = sourcecode.c.h; path = SettingsViewController.h; sourceTree = "<group>"; };
		CBDE3DF81430673900BC1F46 /* SettingsViewController.m */ = {isa = PBXFileReference; fileEncoding = 4; lastKnownFileType = sourcecode.c.objc; path = SettingsViewController.m; sourceTree = "<group>"; };
		CBDE3DF91430673900BC1F46 /* SettingsViewController.xib */ = {isa = PBXFileReference; fileEncoding = 4; lastKnownFileType = file.xib; path = SettingsViewController.xib; sourceTree = "<group>"; };
		CBE340F21461988400985B12 /* check_icon.png */ = {isa = PBXFileReference; lastKnownFileType = image.png; path = check_icon.png; sourceTree = "<group>"; };
		CBE340F41462D09300985B12 /* checkmark.png */ = {isa = PBXFileReference; lastKnownFileType = image.png; path = checkmark.png; sourceTree = "<group>"; };
		CBE89101144C487300E8B559 /* CustomCell.h */ = {isa = PBXFileReference; fileEncoding = 4; lastKnownFileType = sourcecode.c.h; path = CustomCell.h; sourceTree = "<group>"; };
		CBE89102144C487300E8B559 /* CustomCell.m */ = {isa = PBXFileReference; fileEncoding = 4; lastKnownFileType = sourcecode.c.objc; path = CustomCell.m; sourceTree = "<group>"; };
		CBE89105144C488100E8B559 /* CustomCell.xib */ = {isa = PBXFileReference; fileEncoding = 4; lastKnownFileType = file.xib; path = CustomCell.xib; sourceTree = "<group>"; };
		CBEBA94914729A4B009AC6C0 /* InfoController.h */ = {isa = PBXFileReference; fileEncoding = 4; lastKnownFileType = sourcecode.c.h; path = InfoController.h; sourceTree = "<group>"; };
		CBEBA94A14729A4B009AC6C0 /* InfoController.m */ = {isa = PBXFileReference; fileEncoding = 4; lastKnownFileType = sourcecode.c.objc; path = InfoController.m; sourceTree = "<group>"; };
		CBEBA94B14729A4B009AC6C0 /* InfoController.xib */ = {isa = PBXFileReference; fileEncoding = 4; lastKnownFileType = file.xib; path = InfoController.xib; sourceTree = "<group>"; };
		CBEBA9F6147636F0009AC6C0 /* CFNetwork.framework */ = {isa = PBXFileReference; lastKnownFileType = wrapper.framework; name = CFNetwork.framework; path = System/Library/Frameworks/CFNetwork.framework; sourceTree = SDKROOT; };
		CBEBAA0014763AA5009AC6C0 /* ASIAuthenticationDialog.h */ = {isa = PBXFileReference; fileEncoding = 4; lastKnownFileType = sourcecode.c.h; path = ASIAuthenticationDialog.h; sourceTree = "<group>"; };
		CBEBAA0114763AA5009AC6C0 /* ASIAuthenticationDialog.m */ = {isa = PBXFileReference; fileEncoding = 4; lastKnownFileType = sourcecode.c.objc; path = ASIAuthenticationDialog.m; sourceTree = "<group>"; };
		CBEBAA0214763AA5009AC6C0 /* ASICacheDelegate.h */ = {isa = PBXFileReference; fileEncoding = 4; lastKnownFileType = sourcecode.c.h; path = ASICacheDelegate.h; sourceTree = "<group>"; };
		CBEBAA0314763AA5009AC6C0 /* ASIDataCompressor.h */ = {isa = PBXFileReference; fileEncoding = 4; lastKnownFileType = sourcecode.c.h; path = ASIDataCompressor.h; sourceTree = "<group>"; };
		CBEBAA0414763AA5009AC6C0 /* ASIDataCompressor.m */ = {isa = PBXFileReference; fileEncoding = 4; lastKnownFileType = sourcecode.c.objc; path = ASIDataCompressor.m; sourceTree = "<group>"; };
		CBEBAA0514763AA5009AC6C0 /* ASIDataDecompressor.h */ = {isa = PBXFileReference; fileEncoding = 4; lastKnownFileType = sourcecode.c.h; path = ASIDataDecompressor.h; sourceTree = "<group>"; };
		CBEBAA0614763AA5009AC6C0 /* ASIDataDecompressor.m */ = {isa = PBXFileReference; fileEncoding = 4; lastKnownFileType = sourcecode.c.objc; path = ASIDataDecompressor.m; sourceTree = "<group>"; };
		CBEBAA0714763AA5009AC6C0 /* ASIDownloadCache.h */ = {isa = PBXFileReference; fileEncoding = 4; lastKnownFileType = sourcecode.c.h; path = ASIDownloadCache.h; sourceTree = "<group>"; };
		CBEBAA0814763AA5009AC6C0 /* ASIDownloadCache.m */ = {isa = PBXFileReference; fileEncoding = 4; lastKnownFileType = sourcecode.c.objc; path = ASIDownloadCache.m; sourceTree = "<group>"; };
		CBEBAA0914763AA5009AC6C0 /* ASIFormDataRequest.h */ = {isa = PBXFileReference; fileEncoding = 4; lastKnownFileType = sourcecode.c.h; path = ASIFormDataRequest.h; sourceTree = "<group>"; };
		CBEBAA0A14763AA5009AC6C0 /* ASIFormDataRequest.m */ = {isa = PBXFileReference; fileEncoding = 4; lastKnownFileType = sourcecode.c.objc; path = ASIFormDataRequest.m; sourceTree = "<group>"; };
		CBEBAA0B14763AA5009AC6C0 /* ASIHTTPRequest.h */ = {isa = PBXFileReference; fileEncoding = 4; lastKnownFileType = sourcecode.c.h; path = ASIHTTPRequest.h; sourceTree = "<group>"; };
		CBEBAA0C14763AA5009AC6C0 /* ASIHTTPRequest.m */ = {isa = PBXFileReference; fileEncoding = 4; lastKnownFileType = sourcecode.c.objc; path = ASIHTTPRequest.m; sourceTree = "<group>"; };
		CBEBAA0D14763AA5009AC6C0 /* ASIHTTPRequestConfig.h */ = {isa = PBXFileReference; fileEncoding = 4; lastKnownFileType = sourcecode.c.h; path = ASIHTTPRequestConfig.h; sourceTree = "<group>"; };
		CBEBAA0E14763AA5009AC6C0 /* ASIHTTPRequestDelegate.h */ = {isa = PBXFileReference; fileEncoding = 4; lastKnownFileType = sourcecode.c.h; path = ASIHTTPRequestDelegate.h; sourceTree = "<group>"; };
		CBEBAA0F14763AA5009AC6C0 /* ASIInputStream.h */ = {isa = PBXFileReference; fileEncoding = 4; lastKnownFileType = sourcecode.c.h; path = ASIInputStream.h; sourceTree = "<group>"; };
		CBEBAA1014763AA5009AC6C0 /* ASIInputStream.m */ = {isa = PBXFileReference; fileEncoding = 4; lastKnownFileType = sourcecode.c.objc; path = ASIInputStream.m; sourceTree = "<group>"; };
		CBEBAA1114763AA5009AC6C0 /* ASINetworkQueue.h */ = {isa = PBXFileReference; fileEncoding = 4; lastKnownFileType = sourcecode.c.h; path = ASINetworkQueue.h; sourceTree = "<group>"; };
		CBEBAA1214763AA5009AC6C0 /* ASINetworkQueue.m */ = {isa = PBXFileReference; fileEncoding = 4; lastKnownFileType = sourcecode.c.objc; path = ASINetworkQueue.m; sourceTree = "<group>"; };
		CBEBAA1314763AA5009AC6C0 /* ASIProgressDelegate.h */ = {isa = PBXFileReference; fileEncoding = 4; lastKnownFileType = sourcecode.c.h; path = ASIProgressDelegate.h; sourceTree = "<group>"; };
		CBEBAA1C14763ACE009AC6C0 /* Reachability.h */ = {isa = PBXFileReference; fileEncoding = 4; lastKnownFileType = sourcecode.c.h; path = Reachability.h; sourceTree = "<group>"; };
		CBEBAA1D14763ACE009AC6C0 /* Reachability.m */ = {isa = PBXFileReference; fileEncoding = 4; lastKnownFileType = sourcecode.c.objc; path = Reachability.m; sourceTree = "<group>"; };
		CBEBAA1F14763B22009AC6C0 /* SystemConfiguration.framework */ = {isa = PBXFileReference; lastKnownFileType = wrapper.framework; name = SystemConfiguration.framework; path = System/Library/Frameworks/SystemConfiguration.framework; sourceTree = SDKROOT; };
		CBEBAA2114763B36009AC6C0 /* libz.dylib */ = {isa = PBXFileReference; lastKnownFileType = "compiled.mach-o.dylib"; name = libz.dylib; path = usr/lib/libz.dylib; sourceTree = SDKROOT; };
		CBEBAA24147BF503009AC6C0 /* wikipedia.png */ = {isa = PBXFileReference; lastKnownFileType = image.png; path = wikipedia.png; sourceTree = "<group>"; };
		CBEBAA26147BF74E009AC6C0 /* ObservationsOrganismDetailViewWikipediaController.h */ = {isa = PBXFileReference; fileEncoding = 4; lastKnownFileType = sourcecode.c.h; path = ObservationsOrganismDetailViewWikipediaController.h; sourceTree = "<group>"; };
		CBEBAA27147BF74F009AC6C0 /* ObservationsOrganismDetailViewWikipediaController.m */ = {isa = PBXFileReference; fileEncoding = 4; lastKnownFileType = sourcecode.c.objc; path = ObservationsOrganismDetailViewWikipediaController.m; sourceTree = "<group>"; };
		CBEBAA28147BF750009AC6C0 /* ObservationsOrganismDetailViewWikipediaController.xib */ = {isa = PBXFileReference; fileEncoding = 4; lastKnownFileType = file.xib; path = ObservationsOrganismDetailViewWikipediaController.xib; sourceTree = "<group>"; };
		CBEBAA2B147CDCA5009AC6C0 /* WikipediaHelper.h */ = {isa = PBXFileReference; fileEncoding = 4; lastKnownFileType = sourcecode.c.h; path = WikipediaHelper.h; sourceTree = "<group>"; };
		CBEBAA2C147CDCA5009AC6C0 /* WikipediaHelper.m */ = {isa = PBXFileReference; fileEncoding = 4; lastKnownFileType = sourcecode.c.objc; path = WikipediaHelper.m; sourceTree = "<group>"; };
		CBEBAA2E147E44AC009AC6C0 /* keinbildvorhanden.png */ = {isa = PBXFileReference; lastKnownFileType = image.png; path = keinbildvorhanden.png; sourceTree = "<group>"; };
		CBEBAA37147FE58F009AC6C0 /* SettingsUsernameViewController.h */ = {isa = PBXFileReference; fileEncoding = 4; lastKnownFileType = sourcecode.c.h; path = SettingsUsernameViewController.h; sourceTree = "<group>"; };
		CBEBAA38147FE58F009AC6C0 /* SettingsUsernameViewController.m */ = {isa = PBXFileReference; fileEncoding = 4; lastKnownFileType = sourcecode.c.objc; path = SettingsUsernameViewController.m; sourceTree = "<group>"; };
		CBEBAA39147FE58F009AC6C0 /* SettingsUsernameViewController.xib */ = {isa = PBXFileReference; fileEncoding = 4; lastKnownFileType = file.xib; path = SettingsUsernameViewController.xib; sourceTree = "<group>"; };
		CBEBAA3C147FE5A1009AC6C0 /* SettingsPasswordViewController.h */ = {isa = PBXFileReference; fileEncoding = 4; lastKnownFileType = sourcecode.c.h; path = SettingsPasswordViewController.h; sourceTree = "<group>"; };
		CBEBAA3D147FE5A1009AC6C0 /* SettingsPasswordViewController.m */ = {isa = PBXFileReference; fileEncoding = 4; lastKnownFileType = sourcecode.c.objc; path = SettingsPasswordViewController.m; sourceTree = "<group>"; };
		CBEBAA3E147FE5A1009AC6C0 /* SettingsPasswordViewController.xib */ = {isa = PBXFileReference; fileEncoding = 4; lastKnownFileType = file.xib; path = SettingsPasswordViewController.xib; sourceTree = "<group>"; };
		CBEBAA41147FE9F1009AC6C0 /* SettingsViewRootController.h */ = {isa = PBXFileReference; fileEncoding = 4; lastKnownFileType = sourcecode.c.h; path = SettingsViewRootController.h; sourceTree = "<group>"; };
		CBEBAA42147FE9F2009AC6C0 /* SettingsViewRootController.m */ = {isa = PBXFileReference; fileEncoding = 4; lastKnownFileType = sourcecode.c.objc; path = SettingsViewRootController.m; sourceTree = "<group>"; };
		CBEBAA43147FE9F3009AC6C0 /* SettingsViewRootController.xib */ = {isa = PBXFileReference; fileEncoding = 4; lastKnownFileType = file.xib; path = SettingsViewRootController.xib; sourceTree = "<group>"; };
		CBED70301434A31400BC17A8 /* Organism.h */ = {isa = PBXFileReference; fileEncoding = 4; lastKnownFileType = sourcecode.c.h; path = Organism.h; sourceTree = "<group>"; };
		CBED70311434A31400BC17A8 /* Organism.m */ = {isa = PBXFileReference; fileEncoding = 4; lastKnownFileType = sourcecode.c.objc; path = Organism.m; sourceTree = "<group>"; };
		CBF9A27D144578F000954A63 /* 12-eye-white.png */ = {isa = PBXFileReference; lastKnownFileType = image.png; path = "12-eye-white.png"; sourceTree = "<group>"; };
		F619A26115766BDE00F0C842 /* blank.png */ = {isa = PBXFileReference; lastKnownFileType = image.png; path = blank.png; sourceTree = "<group>"; };
		F650DF891577759E00C25A9F /* de */ = {isa = PBXFileReference; lastKnownFileType = text.plist.strings; name = de; path = de.lproj/InfoPlist.strings; sourceTree = "<group>"; };
		F650DF8A1577759E00C25A9F /* de */ = {isa = PBXFileReference; lastKnownFileType = file.xib; name = de; path = de.lproj/MainWindow.xib; sourceTree = "<group>"; };
		F650DF8B1577759E00C25A9F /* de */ = {isa = PBXFileReference; lastKnownFileType = file.xib; name = de; path = de.lproj/CameraViewController.xib; sourceTree = "<group>"; };
		F664006F157CAD770092A9D0 /* CustomOrganismCell.h */ = {isa = PBXFileReference; fileEncoding = 4; lastKnownFileType = sourcecode.c.h; path = CustomOrganismCell.h; sourceTree = "<group>"; };
		F6640070157CAD770092A9D0 /* CustomOrganismCell.m */ = {isa = PBXFileReference; fileEncoding = 4; lastKnownFileType = sourcecode.c.objc; path = CustomOrganismCell.m; sourceTree = "<group>"; };
		F664007A157CB5740092A9D0 /* CustomOrganismCell.xib */ = {isa = PBXFileReference; fileEncoding = 4; lastKnownFileType = file.xib; path = CustomOrganismCell.xib; sourceTree = "<group>"; };
/* End PBXFileReference section */

/* Begin PBXFrameworksBuildPhase section */
		CBB7F620142B0409000150AF /* Frameworks */ = {
			isa = PBXFrameworksBuildPhase;
			buildActionMask = 2147483647;
			files = (
				2730A12915A31AFC00F416D9 /* CoreFoundation.framework in Frameworks */,
				2730A12715A31AF400F416D9 /* Security.framework in Frameworks */,
				CBEBAA2014763B22009AC6C0 /* SystemConfiguration.framework in Frameworks */,
				CBDDB5871459814C007E48AB /* libsqlite3.0.dylib in Frameworks */,
				CBEBAA2214763B36009AC6C0 /* libz.dylib in Frameworks */,
				CBEBA9F7147636F0009AC6C0 /* CFNetwork.framework in Frameworks */,
				CBDDB558145533BB007E48AB /* QuartzCore.framework in Frameworks */,
				CBDDB534144D66F0007E48AB /* MediaPlayer.framework in Frameworks */,
				CBDDB532144D66C8007E48AB /* MobileCoreServices.framework in Frameworks */,
				CB8095B91435A1F0003D3764 /* CoreLocation.framework in Frameworks */,
				CB8095B61435A1DC003D3764 /* MapKit.framework in Frameworks */,
				CBB7F628142B0409000150AF /* UIKit.framework in Frameworks */,
				CBB7F62A142B0409000150AF /* Foundation.framework in Frameworks */,
				CBB7F62C142B0409000150AF /* CoreGraphics.framework in Frameworks */,
			);
			runOnlyForDeploymentPostprocessing = 0;
		};
/* End PBXFrameworksBuildPhase section */

/* Begin PBXGroup section */
		2700990B1755DD32000EA542 /* AFImageViewer */ = {
			isa = PBXGroup;
			children = (
				270099081755DD2D000EA542 /* AFImageViewer.h */,
				270099091755DD2D000EA542 /* AFImageViewer.m */,
			);
			name = AFImageViewer;
			sourceTree = "<group>";
		};
		CB08910F1430B66B00E846A1 /* JSON */ = {
			isa = PBXGroup;
			children = (
				CB0891111430B67F00E846A1 /* JSON.h */,
				CB0891121430B67F00E846A1 /* NSObject+SBJson.h */,
				CB0891131430B67F00E846A1 /* NSObject+SBJson.m */,
				CB0891141430B67F00E846A1 /* SBJson.h */,
				CB0891151430B67F00E846A1 /* SBJsonParser.h */,
				CB0891161430B67F00E846A1 /* SBJsonParser.m */,
				CB0891171430B67F00E846A1 /* SBJsonStreamParser.h */,
				CB0891181430B67F00E846A1 /* SBJsonStreamParser.m */,
				CB0891191430B67F00E846A1 /* SBJsonStreamParserAccumulator.h */,
				CB08911A1430B67F00E846A1 /* SBJsonStreamParserAccumulator.m */,
				CB08911B1430B67F00E846A1 /* SBJsonStreamParserAdapter.h */,
				CB08911C1430B67F00E846A1 /* SBJsonStreamParserAdapter.m */,
				CB08911D1430B67F00E846A1 /* SBJsonStreamParserState.h */,
				CB08911E1430B67F00E846A1 /* SBJsonStreamParserState.m */,
				CB08911F1430B67F00E846A1 /* SBJsonStreamWriter.h */,
				CB0891201430B67F00E846A1 /* SBJsonStreamWriter.m */,
				CB0891211430B67F00E846A1 /* SBJsonStreamWriterAccumulator.h */,
				CB0891221430B67F00E846A1 /* SBJsonStreamWriterAccumulator.m */,
				CB0891231430B67F00E846A1 /* SBJsonStreamWriterState.h */,
				CB0891241430B67F00E846A1 /* SBJsonStreamWriterState.m */,
				CB0891251430B67F00E846A1 /* SBJsonTokeniser.h */,
				CB0891261430B67F00E846A1 /* SBJsonTokeniser.m */,
				CB0891271430B67F00E846A1 /* SBJsonUTF8Stream.h */,
				CB0891281430B67F00E846A1 /* SBJsonUTF8Stream.m */,
				CB0891291430B67F00E846A1 /* SBJsonWriter.h */,
				CB08912A1430B67F00E846A1 /* SBJsonWriter.m */,
			);
			name = JSON;
			sourceTree = "<group>";
		};
		CB08914D1431CD2800E846A1 /* Controller */ = {
			isa = PBXGroup;
			children = (
				CBEBA947147298E8009AC6C0 /* Info */,
				CB7FA215143350A4006BD29D /* Observations */,
				CBDDB56414582893007E48AB /* Collection */,
				CB7FA2121433508D006BD29D /* Settings */,
			);
			name = Controller;
			sourceTree = "<group>";
		};
		CB08914E1431CD4E00E846A1 /* Model */ = {
			isa = PBXGroup;
			children = (
				CB08914F1431CDB800E846A1 /* OrganismGroup.h */,
				CB0891501431CDB800E846A1 /* OrganismGroup.m */,
				CBED70301434A31400BC17A8 /* Organism.h */,
				CBED70311434A31400BC17A8 /* Organism.m */,
				CBDDB53F144D9E96007E48AB /* Observation.h */,
				CBDDB540144D9E96007E48AB /* Observation.m */,
				270099121755F6F0000EA542 /* ObservationImage.h */,
				270099131755F6F0000EA542 /* ObservationImage.m */,
			);
			name = Model;
			sourceTree = "<group>";
		};
		CB1432251484D87200BBA78D /* DDAnnotation */ = {
			isa = PBXGroup;
			children = (
				CB14321F1484D84500BBA78D /* DDAnnotation.h */,
				CB1432201484D84500BBA78D /* DDAnnotation.m */,
				CB1432221484D86800BBA78D /* DDAnnotationView.h */,
				CB1432231484D86800BBA78D /* DDAnnotationView.m */,
			);
			name = DDAnnotation;
			sourceTree = "<group>";
		};
		CB7AC23B149B9105001D315A /* Database */ = {
			isa = PBXGroup;
			children = (
				27FC05EF14A4896800916B08 /* db.sqlite3 */,
			);
			name = Database;
			sourceTree = "<group>";
		};
		CB7FA2121433508D006BD29D /* Settings */ = {
			isa = PBXGroup;
			children = (
				CBEBAA41147FE9F1009AC6C0 /* SettingsViewRootController.h */,
				CBEBAA42147FE9F2009AC6C0 /* SettingsViewRootController.m */,
				CBEBAA43147FE9F3009AC6C0 /* SettingsViewRootController.xib */,
				CBDE3DF71430673900BC1F46 /* SettingsViewController.h */,
				CBDE3DF81430673900BC1F46 /* SettingsViewController.m */,
				CBDE3DF91430673900BC1F46 /* SettingsViewController.xib */,
				CBEBAA37147FE58F009AC6C0 /* SettingsUsernameViewController.h */,
				CBEBAA38147FE58F009AC6C0 /* SettingsUsernameViewController.m */,
				CBEBAA39147FE58F009AC6C0 /* SettingsUsernameViewController.xib */,
				CBEBAA3C147FE5A1009AC6C0 /* SettingsPasswordViewController.h */,
				CBEBAA3D147FE5A1009AC6C0 /* SettingsPasswordViewController.m */,
				CBEBAA3E147FE5A1009AC6C0 /* SettingsPasswordViewController.xib */,
			);
			name = Settings;
			sourceTree = "<group>";
		};
		CB7FA215143350A4006BD29D /* Observations */ = {
			isa = PBXGroup;
			children = (
				CB26166014337B2200C30425 /* ObservationsRootController.h */,
				CB26166114337B2200C30425 /* ObservationsRootController.m */,
				CB26166214337B2200C30425 /* ObservationsRootController.xib */,
				CBDE3DE81430625400BC1F46 /* ObservationsViewController.h */,
				CBDE3DE91430625400BC1F46 /* ObservationsViewController.m */,
				CBDE3DEA1430625400BC1F46 /* ObservationsViewController.xib */,
				CB7FA21614335154006BD29D /* ObservationsOrganismViewController.h */,
				CB7FA21714335154006BD29D /* ObservationsOrganismViewController.m */,
				CB7FA21814335154006BD29D /* ObservationsOrganismViewController.xib */,
				CBEBAA26147BF74E009AC6C0 /* ObservationsOrganismDetailViewWikipediaController.h */,
				CBEBAA27147BF74F009AC6C0 /* ObservationsOrganismDetailViewWikipediaController.m */,
				CBEBAA28147BF750009AC6C0 /* ObservationsOrganismDetailViewWikipediaController.xib */,
				CB1D690514445E92003230B4 /* ObservationsOrganismSubmitController.h */,
				CB1D690614445E92003230B4 /* ObservationsOrganismSubmitController.m */,
				CB1D690714445E92003230B4 /* ObservationsOrganismSubmitController.xib */,
				CBDDB535144D7586007E48AB /* SubmitHelper */,
			);
			name = Observations;
			sourceTree = "<group>";
		};
		CB8095C514431AFC003D3764 /* Helper */ = {
			isa = PBXGroup;
			children = (
				CB8095C614431B3B003D3764 /* LocationHelper.h */,
				CB8095C714431B3B003D3764 /* LocationHelper.m */,
				CBDDB54C144EABC8007E48AB /* CameraViewController.h */,
				270099101755ED49000EA542 /* CameraViewController.m */,
				CB14322C148616E700BBA78D /* CameraViewController.xib */,
				CBDDB55D14555882007E48AB /* NSDictionary-MutableDeepCopy.h */,
				CBDDB55E14555882007E48AB /* NSDictionary-MutableDeepCopy.m */,
				CBDDB57714594800007E48AB /* PersistenceManager.h */,
				CBDDB57814594801007E48AB /* PersistenceManager.m */,
				CBE89101144C487300E8B559 /* CustomCell.h */,
				CBE89102144C487300E8B559 /* CustomCell.m */,
				CBE89105144C488100E8B559 /* CustomCell.xib */,
				CB18F9E0145A966700772E9B /* CheckboxCell.h */,
				CB18F9E1145A966700772E9B /* CheckboxCell.m */,
				CB18F9E2145A966700772E9B /* CheckboxCell.xib */,
				270C58901757391900CA350F /* CustomObservationAnnotation.h */,
				270C58911757391900CA350F /* CustomObservationAnnotation.m */,
				270C589317578BC000CA350F /* CustomObservationAnnotationView.h */,
				270C589417578BC000CA350F /* CustomObservationAnnotationView.m */,
				F664006F157CAD770092A9D0 /* CustomOrganismCell.h */,
				F664007A157CB5740092A9D0 /* CustomOrganismCell.xib */,
				F6640070157CAD770092A9D0 /* CustomOrganismCell.m */,
				CBEBAA2B147CDCA5009AC6C0 /* WikipediaHelper.h */,
				CBEBAA2C147CDCA5009AC6C0 /* WikipediaHelper.m */,
				CB1432321486642200BBA78D /* SwissCoordinates.h */,
				CB1432331486642200BBA78D /* SwissCoordinates.m */,
				CB1EE5D814893F3400FF286F /* Settings.h */,
				CB1EE5D914893F3400FF286F /* Settings.m */,
			);
			name = Helper;
			sourceTree = "<group>";
		};
		CBB070C2143053D500D3D0B5 /* images */ = {
			isa = PBXGroup;
			children = (
				27C5847B15AD7D770085F719 /* 15-warning.png */,
				CB143230148639EC00BBA78D /* bildvorschaudeaktiviert.png */,
				CBD2C2EB146988B8003F1B90 /* 37x-Checkmark.png */,
				CBEBAA2E147E44AC009AC6C0 /* keinbildvorhanden.png */,
				27C3DBF11754ECF5008E1E58 /* hairelinecross.png */,
				27C3DBF21754ECF5008E1E58 /* 193-locaction-arrow.png */,
				CBEBAA24147BF503009AC6C0 /* wikipedia.png */,
				CBD9563A144807AB00890319 /* navigationbar.png */,
				CB1D68FE1444463E003230B4 /* status-green.png */,
				CB1D68FF1444463E003230B4 /* status-orange.png */,
				CB1D69001444463E003230B4 /* status-red.png */,
				2700990C1755E9B2000EA542 /* delete.png */,
				CB7FA21014335033006BD29D /* Default.png */,
				F619A26115766BDE00F0C842 /* blank.png */,
				CB5D4BD6146D77B00003377A /* checkbox_checked.png */,
				CB472C36145E7E35003B5676 /* checkbox.gif */,
				CBE340F41462D09300985B12 /* checkmark.png */,
				CBE340F21461988400985B12 /* check_icon.png */,
				CBB070CA1430544600D3D0B5 /* 84-lightbulb.png */,
				CB472C3B145E87A7003B5676 /* papierkorb.png */,
				CBB070C81430542F00D3D0B5 /* 06-magnify.png */,
				CBB070C61430542000D3D0B5 /* 19-gear.png */,
				CBB070C4143053E800D3D0B5 /* 12-eye.png */,
				CBF9A27D144578F000954A63 /* 12-eye-white.png */,
				CBDDB56214582879007E48AB /* 33-cabinet.png */,
				CBDDB560145827C2007E48AB /* 40-inbox.png */,
			);
			name = images;
			sourceTree = "<group>";
		};
		CBB7F618142B0409000150AF = {
			isa = PBXGroup;
			children = (
				CBB7F62D142B0409000150AF /* Naturvielfalt */,
				CBB7F626142B0409000150AF /* Frameworks */,
				CBB7F624142B0409000150AF /* Products */,
			);
			sourceTree = "<group>";
		};
		CBB7F624142B0409000150AF /* Products */ = {
			isa = PBXGroup;
			children = (
				CBB7F623142B0409000150AF /* NaturvielfaltLite.app */,
			);
			name = Products;
			sourceTree = "<group>";
		};
		CBB7F626142B0409000150AF /* Frameworks */ = {
			isa = PBXGroup;
			children = (
				CBDDB5861459814A007E48AB /* libsqlite3.0.dylib */,
				CBEBAA2114763B36009AC6C0 /* libz.dylib */,
				2730A12815A31AFC00F416D9 /* CoreFoundation.framework */,
				2730A12615A31AF300F416D9 /* Security.framework */,
				CBEBAA1F14763B22009AC6C0 /* SystemConfiguration.framework */,
				CBEBA9F6147636F0009AC6C0 /* CFNetwork.framework */,
				CBDDB557145533B7007E48AB /* QuartzCore.framework */,
				CBDDB533144D66EF007E48AB /* MediaPlayer.framework */,
				CBDDB531144D66C8007E48AB /* MobileCoreServices.framework */,
				CB8095B81435A1F0003D3764 /* CoreLocation.framework */,
				CB8095B51435A1DC003D3764 /* MapKit.framework */,
				CBB7F627142B0409000150AF /* UIKit.framework */,
				CBB7F629142B0409000150AF /* Foundation.framework */,
				CBB7F62B142B0409000150AF /* CoreGraphics.framework */,
			);
			name = Frameworks;
			sourceTree = "<group>";
		};
		CBB7F62D142B0409000150AF /* Naturvielfalt */ = {
			isa = PBXGroup;
			children = (
				CB8095C514431AFC003D3764 /* Helper */,
				CB08914E1431CD4E00E846A1 /* Model */,
				CB08914D1431CD2800E846A1 /* Controller */,
				CBB7F636142B040A000150AF /* NaturvielfaltAppDelegate.h */,
				CBB7F637142B040A000150AF /* NaturvielfaltAppDelegate.m */,
				27FC05F114A48D0300916B08 /* MainWindow.xib */,
				CBDE3DFC1430697100BC1F46 /* Resources */,
				CBB7F62E142B040A000150AF /* Supporting Files */,
			);
			path = Naturvielfalt;
			sourceTree = "<group>";
		};
		CBB7F62E142B040A000150AF /* Supporting Files */ = {
			isa = PBXGroup;
			children = (
				CBB7F62F142B040A000150AF /* Naturvielfalt-Info.plist */,
				CBB7F630142B040A000150AF /* InfoPlist.strings */,
				CBB7F633142B040A000150AF /* Naturvielfalt-Prefix.pch */,
				CBB7F634142B040A000150AF /* main.m */,
				27B84515159B230C00818BCE /* Entitlements.plist */,
				276C9DF01754CE670035BFA8 /* Localizable.strings */,
			);
			name = "Supporting Files";
			sourceTree = "<group>";
		};
		CBD2C2E21469879F003F1B90 /* MBProgressHUD */ = {
			isa = PBXGroup;
			children = (
				CBD2C2E4146987B9003F1B90 /* MBProgressHUD.h */,
				CBD2C2E5146987B9003F1B90 /* MBProgressHUD.m */,
			);
			name = MBProgressHUD;
			sourceTree = "<group>";
		};
		CBDDB535144D7586007E48AB /* SubmitHelper */ = {
			isa = PBXGroup;
			children = (
				CBDDB51E144C6F81007E48AB /* ObservationsOrganismSubmitMapController.h */,
				CBDDB51F144C6F81007E48AB /* ObservationsOrganismSubmitMapController.m */,
				CBDDB520144C6F81007E48AB /* ObservationsOrganismSubmitMapController.xib */,
				CBDDB536144D76BB007E48AB /* ObservationsOrganismSubmitAmountController.h */,
				CBDDB537144D76BB007E48AB /* ObservationsOrganismSubmitAmountController.m */,
				CBDDB538144D76BB007E48AB /* ObservationsOrganismSubmitAmountController.xib */,
				CBDDB543144DA636007E48AB /* ObservationsOrganismSubmitCommentController.h */,
				CBDDB544144DA637007E48AB /* ObservationsOrganismSubmitCommentController.m */,
				CBDDB545144DA638007E48AB /* ObservationsOrganismSubmitCommentController.xib */,
			);
			name = SubmitHelper;
			sourceTree = "<group>";
		};
		CBDDB56414582893007E48AB /* Collection */ = {
			isa = PBXGroup;
			children = (
				CBDDB565145829EB007E48AB /* CollectionRootController.h */,
				CBDDB566145829EB007E48AB /* CollectionRootController.m */,
				CBDDB567145829EB007E48AB /* CollectionRootController.xib */,
				CBDDB56A14582A53007E48AB /* CollectionOverviewController.h */,
				CBDDB56B14582A53007E48AB /* CollectionOverviewController.m */,
				CBDDB56C14582A53007E48AB /* CollectionOverviewController.xib */,
			);
			name = Collection;
			sourceTree = "<group>";
		};
		CBDE3DFC1430697100BC1F46 /* Resources */ = {
			isa = PBXGroup;
			children = (
				27F1A87F1761E131004BC208 /* Default-568h@2x.png */,
				27B84513159B223500818BCE /* Default@2x.png */,
				27746D0E159B1F9D00672970 /* Icon-Small@2x.png */,
				27746D0F159B1F9D00672970 /* Icon@2x.png */,
				27746D02159B103900672970 /* Icon-72.png */,
				27746D03159B103900672970 /* Icon-Small-50.png */,
				27746D04159B103900672970 /* Icon-Small.png */,
				27746D05159B103900672970 /* Icon.png */,
				27746D06159B103900672970 /* iTunesArtwork */,
				CB7AC23B149B9105001D315A /* Database */,
				CBEBAA23147A7E04009AC6C0 /* External Libraries */,
				CBB070C2143053D500D3D0B5 /* images */,
			);
			name = Resources;
			sourceTree = "<group>";
		};
		CBEBA947147298E8009AC6C0 /* Info */ = {
			isa = PBXGroup;
			children = (
				CBEBA94914729A4B009AC6C0 /* InfoController.h */,
				CBEBA94A14729A4B009AC6C0 /* InfoController.m */,
				CBEBA94B14729A4B009AC6C0 /* InfoController.xib */,
			);
			name = Info;
			sourceTree = "<group>";
		};
		CBEBA9F814763709009AC6C0 /* ASIHttpRequest */ = {
			isa = PBXGroup;
			children = (
				CBEBAA1C14763ACE009AC6C0 /* Reachability.h */,
				CBEBAA1D14763ACE009AC6C0 /* Reachability.m */,
				CBEBAA0014763AA5009AC6C0 /* ASIAuthenticationDialog.h */,
				CBEBAA0114763AA5009AC6C0 /* ASIAuthenticationDialog.m */,
				CBEBAA0214763AA5009AC6C0 /* ASICacheDelegate.h */,
				CBEBAA0314763AA5009AC6C0 /* ASIDataCompressor.h */,
				CBEBAA0414763AA5009AC6C0 /* ASIDataCompressor.m */,
				CBEBAA0514763AA5009AC6C0 /* ASIDataDecompressor.h */,
				CBEBAA0614763AA5009AC6C0 /* ASIDataDecompressor.m */,
				CBEBAA0714763AA5009AC6C0 /* ASIDownloadCache.h */,
				CBEBAA0814763AA5009AC6C0 /* ASIDownloadCache.m */,
				CBEBAA0914763AA5009AC6C0 /* ASIFormDataRequest.h */,
				CBEBAA0A14763AA5009AC6C0 /* ASIFormDataRequest.m */,
				CBEBAA0B14763AA5009AC6C0 /* ASIHTTPRequest.h */,
				CBEBAA0C14763AA5009AC6C0 /* ASIHTTPRequest.m */,
				CBEBAA0D14763AA5009AC6C0 /* ASIHTTPRequestConfig.h */,
				CBEBAA0E14763AA5009AC6C0 /* ASIHTTPRequestDelegate.h */,
				CBEBAA0F14763AA5009AC6C0 /* ASIInputStream.h */,
				CBEBAA1014763AA5009AC6C0 /* ASIInputStream.m */,
				CBEBAA1114763AA5009AC6C0 /* ASINetworkQueue.h */,
				CBEBAA1214763AA5009AC6C0 /* ASINetworkQueue.m */,
				CBEBAA1314763AA5009AC6C0 /* ASIProgressDelegate.h */,
			);
			name = ASIHttpRequest;
			sourceTree = "<group>";
		};
		CBEBAA23147A7E04009AC6C0 /* External Libraries */ = {
			isa = PBXGroup;
			children = (
				2700990B1755DD32000EA542 /* AFImageViewer */,
				CB1432251484D87200BBA78D /* DDAnnotation */,
				CBEBA9F814763709009AC6C0 /* ASIHttpRequest */,
				CB08910F1430B66B00E846A1 /* JSON */,
				CBD2C2E21469879F003F1B90 /* MBProgressHUD */,
			);
			name = "External Libraries";
			sourceTree = "<group>";
		};
/* End PBXGroup section */

/* Begin PBXNativeTarget section */
		CBB7F622142B0409000150AF /* NaturvielfaltLite */ = {
			isa = PBXNativeTarget;
			buildConfigurationList = CBB7F64A142B040A000150AF /* Build configuration list for PBXNativeTarget "NaturvielfaltLite" */;
			buildPhases = (
				CBB7F61F142B0409000150AF /* Sources */,
				CBB7F620142B0409000150AF /* Frameworks */,
				CBB7F621142B0409000150AF /* Resources */,
			);
			buildRules = (
			);
			dependencies = (
			);
			name = NaturvielfaltLite;
			productName = Naturvielfalt;
			productReference = CBB7F623142B0409000150AF /* NaturvielfaltLite.app */;
			productType = "com.apple.product-type.application";
		};
/* End PBXNativeTarget section */

/* Begin PBXProject section */
		CBB7F61A142B0409000150AF /* Project object */ = {
			isa = PBXProject;
			attributes = {
				LastUpgradeCheck = 0460;
			};
			buildConfigurationList = CBB7F61D142B0409000150AF /* Build configuration list for PBXProject "Naturvielfalt" */;
			compatibilityVersion = "Xcode 3.2";
			developmentRegion = English;
			hasScannedForEncodings = 0;
			knownRegions = (
				en,
				de,
			);
			mainGroup = CBB7F618142B0409000150AF;
			productRefGroup = CBB7F624142B0409000150AF /* Products */;
			projectDirPath = "";
			projectRoot = "";
			targets = (
				CBB7F622142B0409000150AF /* NaturvielfaltLite */,
			);
		};
/* End PBXProject section */

/* Begin PBXResourcesBuildPhase section */
		CBB7F621142B0409000150AF /* Resources */ = {
			isa = PBXResourcesBuildPhase;
			buildActionMask = 2147483647;
			files = (
				CBB070C5143053E800D3D0B5 /* 12-eye.png in Resources */,
				CBB070C71430542000D3D0B5 /* 19-gear.png in Resources */,
				CBB070C91430542F00D3D0B5 /* 06-magnify.png in Resources */,
				CBB070CB1430544600D3D0B5 /* 84-lightbulb.png in Resources */,
				CBDE3DEC1430625400BC1F46 /* ObservationsViewController.xib in Resources */,
				CBDE3DFB1430673900BC1F46 /* SettingsViewController.xib in Resources */,
				CB7FA21114335033006BD29D /* Default.png in Resources */,
				CB7FA21A14335154006BD29D /* ObservationsOrganismViewController.xib in Resources */,
				CB26166414337B2200C30425 /* ObservationsRootController.xib in Resources */,
				CB1D69011444463E003230B4 /* status-green.png in Resources */,
				CB1D69021444463E003230B4 /* status-orange.png in Resources */,
				CB1D69031444463E003230B4 /* status-red.png in Resources */,
				CB1D690914445E92003230B4 /* ObservationsOrganismSubmitController.xib in Resources */,
				CBF9A27E144578F000954A63 /* 12-eye-white.png in Resources */,
				CBD9563B144807AB00890319 /* navigationbar.png in Resources */,
				CBE89106144C488100E8B559 /* CustomCell.xib in Resources */,
				CBDDB522144C6F81007E48AB /* ObservationsOrganismSubmitMapController.xib in Resources */,
				CBDDB53A144D76BB007E48AB /* ObservationsOrganismSubmitAmountController.xib in Resources */,
				CBDDB547144DA639007E48AB /* ObservationsOrganismSubmitCommentController.xib in Resources */,
				CB14322A148616E700BBA78D /* CameraViewController.xib in Resources */,
				CBDDB561145827C3007E48AB /* 40-inbox.png in Resources */,
				CBDDB56314582879007E48AB /* 33-cabinet.png in Resources */,
				CBDDB569145829EB007E48AB /* CollectionRootController.xib in Resources */,
				CBDDB56E14582A53007E48AB /* CollectionOverviewController.xib in Resources */,
				CB18F9E4145A966700772E9B /* CheckboxCell.xib in Resources */,
				CB472C38145E7E35003B5676 /* checkbox.gif in Resources */,
				CB472C3C145E87A7003B5676 /* papierkorb.png in Resources */,
				CBE340F31461988400985B12 /* check_icon.png in Resources */,
				CBE340F51462D09300985B12 /* checkmark.png in Resources */,
				CBD2C2EC146988B8003F1B90 /* 37x-Checkmark.png in Resources */,
				CB5D4BD7146D77B00003377A /* checkbox_checked.png in Resources */,
				CBEBA94D14729A4B009AC6C0 /* InfoController.xib in Resources */,
				CBEBAA25147BF503009AC6C0 /* wikipedia.png in Resources */,
				CBEBAA2A147BF752009AC6C0 /* ObservationsOrganismDetailViewWikipediaController.xib in Resources */,
				CBEBAA2F147E44AD009AC6C0 /* keinbildvorhanden.png in Resources */,
				CBEBAA3B147FE590009AC6C0 /* SettingsUsernameViewController.xib in Resources */,
				CBEBAA40147FE5A2009AC6C0 /* SettingsPasswordViewController.xib in Resources */,
				CBEBAA45147FE9F4009AC6C0 /* SettingsViewRootController.xib in Resources */,
				CB143231148639EC00BBA78D /* bildvorschaudeaktiviert.png in Resources */,
				27FC05F014A4896800916B08 /* db.sqlite3 in Resources */,
				27FC05F314A48D0300916B08 /* MainWindow.xib in Resources */,
				F619A26215766BE000F0C842 /* blank.png in Resources */,
				F664007B157CB5740092A9D0 /* CustomOrganismCell.xib in Resources */,
				27746D07159B103900672970 /* Icon-72.png in Resources */,
				27746D08159B103900672970 /* Icon-Small-50.png in Resources */,
				27746D09159B103900672970 /* Icon-Small.png in Resources */,
				27746D0A159B103900672970 /* Icon.png in Resources */,
				27746D0B159B103900672970 /* iTunesArtwork in Resources */,
				27746D10159B1F9D00672970 /* Icon-Small@2x.png in Resources */,
				27746D11159B1F9D00672970 /* Icon@2x.png in Resources */,
				27B84514159B223500818BCE /* Default@2x.png in Resources */,
				27B84516159B230C00818BCE /* Entitlements.plist in Resources */,
				27C5847C15AD7D770085F719 /* 15-warning.png in Resources */,
				276C9DF21754CE670035BFA8 /* Localizable.strings in Resources */,
				27C3DBF31754ECF5008E1E58 /* hairelinecross.png in Resources */,
				27C3DBF41754ECF5008E1E58 /* 193-locaction-arrow.png in Resources */,
				2700990D1755E9B2000EA542 /* delete.png in Resources */,
				27F2D4851758D104002ABD22 /* InfoPlist.strings in Resources */,
				27F2D4861758D10D002ABD22 /* Naturvielfalt-Info.plist in Resources */,
				27F1A8801761E131004BC208 /* Default-568h@2x.png in Resources */,
			);
			runOnlyForDeploymentPostprocessing = 0;
		};
/* End PBXResourcesBuildPhase section */

/* Begin PBXSourcesBuildPhase section */
		CBB7F61F142B0409000150AF /* Sources */ = {
			isa = PBXSourcesBuildPhase;
			buildActionMask = 2147483647;
			files = (
				CBB7F635142B040A000150AF /* main.m in Sources */,
				CBB7F638142B040A000150AF /* NaturvielfaltAppDelegate.m in Sources */,
				CBDE3DEB1430625400BC1F46 /* ObservationsViewController.m in Sources */,
				CBDE3DFA1430673900BC1F46 /* SettingsViewController.m in Sources */,
				CB08912B1430B67F00E846A1 /* NSObject+SBJson.m in Sources */,
				CB08912C1430B67F00E846A1 /* SBJsonParser.m in Sources */,
				CB08912D1430B67F00E846A1 /* SBJsonStreamParser.m in Sources */,
				CB08912E1430B67F00E846A1 /* SBJsonStreamParserAccumulator.m in Sources */,
				CB08912F1430B67F00E846A1 /* SBJsonStreamParserAdapter.m in Sources */,
				CB0891301430B67F00E846A1 /* SBJsonStreamParserState.m in Sources */,
				CB0891311430B67F00E846A1 /* SBJsonStreamWriter.m in Sources */,
				CB0891321430B67F00E846A1 /* SBJsonStreamWriterAccumulator.m in Sources */,
				CB0891331430B67F00E846A1 /* SBJsonStreamWriterState.m in Sources */,
				CB0891341430B67F00E846A1 /* SBJsonTokeniser.m in Sources */,
				CB0891351430B67F00E846A1 /* SBJsonUTF8Stream.m in Sources */,
				CB0891361430B67F00E846A1 /* SBJsonWriter.m in Sources */,
				CB0891511431CDB800E846A1 /* OrganismGroup.m in Sources */,
				CB7FA21914335154006BD29D /* ObservationsOrganismViewController.m in Sources */,
				CB26166314337B2200C30425 /* ObservationsRootController.m in Sources */,
				CBED70321434A31400BC17A8 /* Organism.m in Sources */,
				CB8095C814431B3B003D3764 /* LocationHelper.m in Sources */,
				CB1D690814445E92003230B4 /* ObservationsOrganismSubmitController.m in Sources */,
				CBE89103144C487300E8B559 /* CustomCell.m in Sources */,
				CBDDB521144C6F81007E48AB /* ObservationsOrganismSubmitMapController.m in Sources */,
				CBDDB539144D76BB007E48AB /* ObservationsOrganismSubmitAmountController.m in Sources */,
				CBDDB541144D9E96007E48AB /* Observation.m in Sources */,
				CBDDB546144DA639007E48AB /* ObservationsOrganismSubmitCommentController.m in Sources */,
				CBDDB55F14555883007E48AB /* NSDictionary-MutableDeepCopy.m in Sources */,
				CBDDB568145829EB007E48AB /* CollectionRootController.m in Sources */,
				CBDDB56D14582A53007E48AB /* CollectionOverviewController.m in Sources */,
				CBDDB57914594803007E48AB /* PersistenceManager.m in Sources */,
				CB18F9E3145A966700772E9B /* CheckboxCell.m in Sources */,
				CBD2C2E6146987B9003F1B90 /* MBProgressHUD.m in Sources */,
				CBEBA94C14729A4B009AC6C0 /* InfoController.m in Sources */,
				CBEBAA1414763AA5009AC6C0 /* ASIAuthenticationDialog.m in Sources */,
				CBEBAA1514763AA5009AC6C0 /* ASIDataCompressor.m in Sources */,
				CBEBAA1614763AA5009AC6C0 /* ASIDataDecompressor.m in Sources */,
				CBEBAA1714763AA5009AC6C0 /* ASIDownloadCache.m in Sources */,
				CBEBAA1814763AA5009AC6C0 /* ASIFormDataRequest.m in Sources */,
				CBEBAA1914763AA5009AC6C0 /* ASIHTTPRequest.m in Sources */,
				CBEBAA1A14763AA5009AC6C0 /* ASIInputStream.m in Sources */,
				CBEBAA1B14763AA5009AC6C0 /* ASINetworkQueue.m in Sources */,
				CBEBAA1E14763ACE009AC6C0 /* Reachability.m in Sources */,
				CBEBAA29147BF752009AC6C0 /* ObservationsOrganismDetailViewWikipediaController.m in Sources */,
				CBEBAA2D147CDCA6009AC6C0 /* WikipediaHelper.m in Sources */,
				CBEBAA3A147FE590009AC6C0 /* SettingsUsernameViewController.m in Sources */,
				CBEBAA3F147FE5A2009AC6C0 /* SettingsPasswordViewController.m in Sources */,
				CBEBAA44147FE9F4009AC6C0 /* SettingsViewRootController.m in Sources */,
				CB1432211484D84500BBA78D /* DDAnnotation.m in Sources */,
				CB1432241484D86800BBA78D /* DDAnnotationView.m in Sources */,
				CB1432341486642200BBA78D /* SwissCoordinates.m in Sources */,
				CB1EE5DA14893F3400FF286F /* Settings.m in Sources */,
				F6640071157CAD770092A9D0 /* CustomOrganismCell.m in Sources */,
				2700990A1755DD2D000EA542 /* AFImageViewer.m in Sources */,
				270099111755ED49000EA542 /* CameraViewController.m in Sources */,
				270099141755F6F0000EA542 /* ObservationImage.m in Sources */,
				270C58921757391900CA350F /* CustomObservationAnnotation.m in Sources */,
				270C589517578BC000CA350F /* CustomObservationAnnotationView.m in Sources */,
			);
			runOnlyForDeploymentPostprocessing = 0;
		};
/* End PBXSourcesBuildPhase section */

/* Begin PBXVariantGroup section */
		276C9DF01754CE670035BFA8 /* Localizable.strings */ = {
			isa = PBXVariantGroup;
			children = (
				276C9DF11754CE670035BFA8 /* en */,
				27C3DBEF1754CF49008E1E58 /* de */,
			);
			name = Localizable.strings;
			sourceTree = "<group>";
		};
		27FC05F114A48D0300916B08 /* MainWindow.xib */ = {
			isa = PBXVariantGroup;
			children = (
				F650DF8A1577759E00C25A9F /* de */,
			);
			name = MainWindow.xib;
			sourceTree = "<group>";
		};
		CB14322C148616E700BBA78D /* CameraViewController.xib */ = {
			isa = PBXVariantGroup;
			children = (
				F650DF8B1577759E00C25A9F /* de */,
			);
			name = CameraViewController.xib;
			sourceTree = "<group>";
		};
		CBB7F630142B040A000150AF /* InfoPlist.strings */ = {
			isa = PBXVariantGroup;
			children = (
				F650DF891577759E00C25A9F /* de */,
			);
			name = InfoPlist.strings;
			sourceTree = "<group>";
		};
/* End PBXVariantGroup section */

/* Begin XCBuildConfiguration section */
		27746D0C159B186D00672970 /* Ad Hoc */ = {
			isa = XCBuildConfiguration;
			buildSettings = {
				ARCHS = "$(ARCHS_STANDARD_32_BIT)";
				CLANG_ENABLE_OBJC_ARC = NO;
				CLANG_WARN_CONSTANT_CONVERSION = YES;
				CLANG_WARN_ENUM_CONVERSION = YES;
				CLANG_WARN_INT_CONVERSION = YES;
				CLANG_WARN__DUPLICATE_METHOD_MATCH = YES;
				"CODE_SIGN_ENTITLEMENTS[sdk=*]" = Entitlements.plist;
				CODE_SIGN_IDENTITY = "iPhone Distribution: Cyrill Bonjour";
				"CODE_SIGN_IDENTITY[sdk=iphoneos*]" = "iPhone Distribution: Cyrill Bonjour";
				COPY_PHASE_STRIP = NO;
				GCC_C_LANGUAGE_STANDARD = gnu99;
				GCC_VERSION = com.apple.compilers.llvm.clang.1_0;
				GCC_WARN_ABOUT_RETURN_TYPE = YES;
				GCC_WARN_UNINITIALIZED_AUTOS = YES;
				GCC_WARN_UNUSED_VARIABLE = YES;
				INSTALL_MODE_FLAG = "";
				IPHONEOS_DEPLOYMENT_TARGET = 5.1;
				OTHER_CFLAGS = "-DNS_BLOCK_ASSERTIONS=1";
				PRECOMPS_INCLUDE_HEADERS_FROM_BUILT_PRODUCTS_DIR = YES;
				PROVISIONING_PROFILE = "";
				"PROVISIONING_PROFILE[sdk=iphoneos*]" = "";
				SDKROOT = iphoneos;
				SKIP_INSTALL = NO;
				STRIP_INSTALLED_PRODUCT = NO;
				VALIDATE_PRODUCT = YES;
			};
			name = "Ad Hoc";
		};
		27746D0D159B186D00672970 /* Ad Hoc */ = {
			isa = XCBuildConfiguration;
			buildSettings = {
				ALWAYS_SEARCH_USER_PATHS = NO;
				CLANG_ENABLE_OBJC_ARC = YES;
				"CODE_SIGN_ENTITLEMENTS[sdk=*]" = "";
				COPY_PHASE_STRIP = NO;
				FRAMEWORK_SEARCH_PATHS = (
					"$(inherited)",
					"\"$(SRCROOT)\"",
				);
				GCC_PRECOMPILE_PREFIX_HEADER = YES;
				GCC_PREFIX_HEADER = "Naturvielfalt/Naturvielfalt-Prefix.pch";
				GCC_VERSION = com.apple.compilers.llvm.clang.1_0;
				INFOPLIST_FILE = "Naturvielfalt/Naturvielfalt-Info.plist";
				IPHONEOS_DEPLOYMENT_TARGET = 5.1;
				PRECOMPS_INCLUDE_HEADERS_FROM_BUILT_PRODUCTS_DIR = YES;
				PRODUCT_NAME = "$(TARGET_NAME)";
				SKIP_INSTALL = NO;
				STRIP_INSTALLED_PRODUCT = NO;
				VALIDATE_PRODUCT = YES;
				WRAPPER_EXTENSION = app;
			};
			name = "Ad Hoc";
		};
		CBB7F648142B040A000150AF /* Debug */ = {
			isa = XCBuildConfiguration;
			buildSettings = {
				ARCHS = "$(ARCHS_STANDARD_32_BIT)";
				CLANG_ENABLE_OBJC_ARC = NO;
				CLANG_WARN_CONSTANT_CONVERSION = YES;
				CLANG_WARN_ENUM_CONVERSION = YES;
				CLANG_WARN_INT_CONVERSION = YES;
				CLANG_WARN__DUPLICATE_METHOD_MATCH = YES;
				CODE_SIGN_IDENTITY = "iPhone Developer";
				"CODE_SIGN_IDENTITY[sdk=iphoneos*]" = "iPhone Developer";
				COPY_PHASE_STRIP = NO;
				GCC_C_LANGUAGE_STANDARD = gnu99;
				GCC_OPTIMIZATION_LEVEL = 0;
				GCC_PREPROCESSOR_DEFINITIONS = DEBUG;
				GCC_SYMBOLS_PRIVATE_EXTERN = NO;
				GCC_VERSION = com.apple.compilers.llvm.clang.1_0;
				GCC_WARN_ABOUT_RETURN_TYPE = YES;
				GCC_WARN_UNINITIALIZED_AUTOS = YES;
				GCC_WARN_UNUSED_VARIABLE = YES;
				INSTALL_MODE_FLAG = "";
				IPHONEOS_DEPLOYMENT_TARGET = 5.1;
				PRECOMPS_INCLUDE_HEADERS_FROM_BUILT_PRODUCTS_DIR = YES;
				PROVISIONING_PROFILE = "";
				"PROVISIONING_PROFILE[sdk=iphoneos*]" = "";
				SDKROOT = iphoneos;
				SKIP_INSTALL = NO;
				STRIP_INSTALLED_PRODUCT = NO;
				VALIDATE_PRODUCT = YES;
			};
			name = Debug;
		};
		CBB7F649142B040A000150AF /* Release */ = {
			isa = XCBuildConfiguration;
			buildSettings = {
				ARCHS = "$(ARCHS_STANDARD_32_BIT)";
				CLANG_ENABLE_OBJC_ARC = NO;
				CLANG_WARN_CONSTANT_CONVERSION = YES;
				CLANG_WARN_ENUM_CONVERSION = YES;
				CLANG_WARN_INT_CONVERSION = YES;
				CLANG_WARN__DUPLICATE_METHOD_MATCH = YES;
				CODE_SIGN_IDENTITY = "iPhone Distribution: Cyrill Bonjour";
				"CODE_SIGN_IDENTITY[sdk=iphoneos*]" = "iPhone Distribution: Cyrill Bonjour";
				COPY_PHASE_STRIP = NO;
				GCC_C_LANGUAGE_STANDARD = gnu99;
				GCC_VERSION = com.apple.compilers.llvm.clang.1_0;
				GCC_WARN_ABOUT_RETURN_TYPE = YES;
				GCC_WARN_UNINITIALIZED_AUTOS = YES;
				GCC_WARN_UNUSED_VARIABLE = YES;
				INSTALL_MODE_FLAG = "";
				IPHONEOS_DEPLOYMENT_TARGET = 5.1;
				OTHER_CFLAGS = "-DNS_BLOCK_ASSERTIONS=1";
				PRECOMPS_INCLUDE_HEADERS_FROM_BUILT_PRODUCTS_DIR = YES;
				PROVISIONING_PROFILE = "";
				"PROVISIONING_PROFILE[sdk=iphoneos*]" = "";
				SDKROOT = iphoneos;
				SKIP_INSTALL = NO;
				STRIP_INSTALLED_PRODUCT = NO;
				VALIDATE_PRODUCT = YES;
			};
			name = Release;
		};
		CBB7F64B142B040A000150AF /* Debug */ = {
			isa = XCBuildConfiguration;
			buildSettings = {
				ALWAYS_SEARCH_USER_PATHS = NO;
				CLANG_ENABLE_OBJC_ARC = YES;
				CODE_SIGN_IDENTITY = "iPhone Developer";
				COPY_PHASE_STRIP = NO;
				FRAMEWORK_SEARCH_PATHS = (
					"$(inherited)",
					"\"$(SRCROOT)\"",
				);
				GCC_DYNAMIC_NO_PIC = NO;
				GCC_PRECOMPILE_PREFIX_HEADER = YES;
				GCC_PREFIX_HEADER = "Naturvielfalt/Naturvielfalt-Prefix.pch";
				GCC_VERSION = com.apple.compilers.llvm.clang.1_0;
				INFOPLIST_FILE = "Naturvielfalt/Naturvielfalt-Info.plist";
				IPHONEOS_DEPLOYMENT_TARGET = 5.1;
				PRECOMPS_INCLUDE_HEADERS_FROM_BUILT_PRODUCTS_DIR = YES;
				PRODUCT_NAME = "$(TARGET_NAME)";
				PROVISIONING_PROFILE = "";
				SKIP_INSTALL = NO;
				STRIP_INSTALLED_PRODUCT = NO;
				VALIDATE_PRODUCT = YES;
				WRAPPER_EXTENSION = app;
			};
			name = Debug;
		};
		CBB7F64C142B040A000150AF /* Release */ = {
			isa = XCBuildConfiguration;
			buildSettings = {
				ALWAYS_SEARCH_USER_PATHS = NO;
				CLANG_ENABLE_OBJC_ARC = YES;
				COPY_PHASE_STRIP = NO;
				FRAMEWORK_SEARCH_PATHS = (
					"$(inherited)",
					"\"$(SRCROOT)\"",
				);
				GCC_PRECOMPILE_PREFIX_HEADER = YES;
				GCC_PREFIX_HEADER = "Naturvielfalt/Naturvielfalt-Prefix.pch";
				GCC_VERSION = com.apple.compilers.llvm.clang.1_0;
				INFOPLIST_FILE = "Naturvielfalt/Naturvielfalt-Info.plist";
				IPHONEOS_DEPLOYMENT_TARGET = 5.1;
				PRECOMPS_INCLUDE_HEADERS_FROM_BUILT_PRODUCTS_DIR = YES;
				PRODUCT_NAME = "$(TARGET_NAME)";
				SKIP_INSTALL = NO;
				STRIP_INSTALLED_PRODUCT = NO;
				VALIDATE_PRODUCT = YES;
				WRAPPER_EXTENSION = app;
			};
			name = Release;
		};
/* End XCBuildConfiguration section */

/* Begin XCConfigurationList section */
		CBB7F61D142B0409000150AF /* Build configuration list for PBXProject "Naturvielfalt" */ = {
			isa = XCConfigurationList;
			buildConfigurations = (
				CBB7F648142B040A000150AF /* Debug */,
				CBB7F649142B040A000150AF /* Release */,
				27746D0C159B186D00672970 /* Ad Hoc */,
			);
			defaultConfigurationIsVisible = 0;
			defaultConfigurationName = Release;
		};
		CBB7F64A142B040A000150AF /* Build configuration list for PBXNativeTarget "NaturvielfaltLite" */ = {
			isa = XCConfigurationList;
			buildConfigurations = (
				CBB7F64B142B040A000150AF /* Debug */,
				CBB7F64C142B040A000150AF /* Release */,
				27746D0D159B186D00672970 /* Ad Hoc */,
			);
			defaultConfigurationIsVisible = 0;
			defaultConfigurationName = Release;
		};
/* End XCConfigurationList section */
	};
	rootObject = CBB7F61A142B0409000150AF /* Project object */;
}
